// !$*UTF8*$!
{
	archiveVersion = 1;
	classes = {
	};
	objectVersion = 56;
	objects = {

/* Begin PBXBuildFile section */
		2418BC592B4B3D600004F40A /* ImageToolbarContent.swift in Sources */ = {isa = PBXBuildFile; fileRef = 2418BC582B4B3D600004F40A /* ImageToolbarContent.swift */; };
		2418BC5B2B4B45500004F40A /* TextToolbarContent.swift in Sources */ = {isa = PBXBuildFile; fileRef = 2418BC5A2B4B45500004F40A /* TextToolbarContent.swift */; };
		2418BC5E2B4B5B740004F40A /* GRDB in Frameworks */ = {isa = PBXBuildFile; productRef = 2418BC5D2B4B5B740004F40A /* GRDB */; };
		2418BC662B4B6E1C0004F40A /* UsuarioEntity.swift in Sources */ = {isa = PBXBuildFile; fileRef = 2418BC642B4B6E1C0004F40A /* UsuarioEntity.swift */; };
		2418BC672B4B6E1C0004F40A /* BankGRDB.swift in Sources */ = {isa = PBXBuildFile; fileRef = 2418BC652B4B6E1C0004F40A /* BankGRDB.swift */; };
		241D98442B3A05A5007BD97D /* AppRootManager.swift in Sources */ = {isa = PBXBuildFile; fileRef = 241D98432B3A05A5007BD97D /* AppRootManager.swift */; };
		241D98462B3A0BED007BD97D /* PrincipalRootView.swift in Sources */ = {isa = PBXBuildFile; fileRef = 241D98452B3A0BED007BD97D /* PrincipalRootView.swift */; };
		241D98492B3A0C56007BD97D /* SplashRootView.swift in Sources */ = {isa = PBXBuildFile; fileRef = 241D98482B3A0C56007BD97D /* SplashRootView.swift */; };
		24556DCA2BAFB34A0046D20A /* ProfileView.swift in Sources */ = {isa = PBXBuildFile; fileRef = 24556DC92BAFB34A0046D20A /* ProfileView.swift */; };
		246313DF2B38D601004F2D28 /* RegisterSheetView.swift in Sources */ = {isa = PBXBuildFile; fileRef = 246313DE2B38D601004F2D28 /* RegisterSheetView.swift */; };
		246313E12B38EB19004F2D28 /* AuthenticationRootView.swift in Sources */ = {isa = PBXBuildFile; fileRef = 246313E02B38EB19004F2D28 /* AuthenticationRootView.swift */; };
		246313ED2B3963B7004F2D28 /* LoginView.swift in Sources */ = {isa = PBXBuildFile; fileRef = 246313EC2B3963B7004F2D28 /* LoginView.swift */; };
		246313EF2B39F8FF004F2D28 /* AuthenticationRouter.swift in Sources */ = {isa = PBXBuildFile; fileRef = 246313EE2B39F8FF004F2D28 /* AuthenticationRouter.swift */; };
		2492B3F22B47148D007AAA4E /* BankApi.swift in Sources */ = {isa = PBXBuildFile; fileRef = 2492B3F12B47148D007AAA4E /* BankApi.swift */; };
		2492B3F52B471500007AAA4E /* LoginResponse.swift in Sources */ = {isa = PBXBuildFile; fileRef = 2492B3F42B471500007AAA4E /* LoginResponse.swift */; };
		2492B3F72B471653007AAA4E /* Authentication.swift in Sources */ = {isa = PBXBuildFile; fileRef = 2492B3F62B471653007AAA4E /* Authentication.swift */; };
		24AA47722B4132B7005852D2 /* PrimaryButtonStyle.swift in Sources */ = {isa = PBXBuildFile; fileRef = 24AA47712B4132B7005852D2 /* PrimaryButtonStyle.swift */; };
		24AA47752B41428B005852D2 /* CircularProgressView.swift in Sources */ = {isa = PBXBuildFile; fileRef = 24AA47742B41428B005852D2 /* CircularProgressView.swift */; };
		24AA47772B41B2F2005852D2 /* SectionView.swift in Sources */ = {isa = PBXBuildFile; fileRef = 24AA47762B41B2F2005852D2 /* SectionView.swift */; };
		24AA47792B41BBB3005852D2 /* SpinnerViewModifier.swift in Sources */ = {isa = PBXBuildFile; fileRef = 24AA47782B41BBB3005852D2 /* SpinnerViewModifier.swift */; };
		24AA477F2B41E8A7005852D2 /* View.swift in Sources */ = {isa = PBXBuildFile; fileRef = 24AA477E2B41E8A7005852D2 /* View.swift */; };
		24AA47822B41EA6E005852D2 /* RenderIfModifier.swift in Sources */ = {isa = PBXBuildFile; fileRef = 24AA47812B41EA6E005852D2 /* RenderIfModifier.swift */; };
		24D2A76C2B35F10000EDF389 /* Localizable.strings in Resources */ = {isa = PBXBuildFile; fileRef = 24D2A76E2B35F10000EDF389 /* Localizable.strings */; };
		24D2A7782B37A92800EDF389 /* netfox in Frameworks */ = {isa = PBXBuildFile; productRef = 24D2A7772B37A92800EDF389 /* netfox */; };
		24D2A77B2B37ACBA00EDF389 /* ShowTime in Frameworks */ = {isa = PBXBuildFile; productRef = 24D2A77A2B37ACBA00EDF389 /* ShowTime */; };
		24D2A7882B37B7A800EDF389 /* BankAppSwiftUIModels+mock.swift in Sources */ = {isa = PBXBuildFile; fileRef = 24D2A7872B37B7A800EDF389 /* BankAppSwiftUIModels+mock.swift */; };
		24E82C3E2B4771BD0052EE51 /* GetUserResponse.swift in Sources */ = {isa = PBXBuildFile; fileRef = 24E82C3D2B4771BD0052EE51 /* GetUserResponse.swift */; };
		24E82C402B47BE2E0052EE51 /* PrincipalViewModel.swift in Sources */ = {isa = PBXBuildFile; fileRef = 24E82C3F2B47BE2E0052EE51 /* PrincipalViewModel.swift */; };
		24E82C422B47C1670052EE51 /* PrincipalUiState.swift in Sources */ = {isa = PBXBuildFile; fileRef = 24E82C412B47C1670052EE51 /* PrincipalUiState.swift */; };
		24E82C452B49B2ED0052EE51 /* LoginRequest.swift in Sources */ = {isa = PBXBuildFile; fileRef = 24E82C442B49B2ED0052EE51 /* LoginRequest.swift */; };
		24E82C472B49BCC80052EE51 /* ErrorResponse.swift in Sources */ = {isa = PBXBuildFile; fileRef = 24E82C462B49BCC80052EE51 /* ErrorResponse.swift */; };
		FA01AFE62B576BDA00E5285D /* PagosRouter.swift in Sources */ = {isa = PBXBuildFile; fileRef = FA01AFE52B576BDA00E5285D /* PagosRouter.swift */; };
		FA57BDE12B2D31C50096CDAC /* SplashView.swift in Sources */ = {isa = PBXBuildFile; fileRef = FA57BDE02B2D31C50096CDAC /* SplashView.swift */; };
		FA587D542B62B4F500601DBA /* AgenciaSercanaView.swift in Sources */ = {isa = PBXBuildFile; fileRef = FA587D532B62B4F500601DBA /* AgenciaSercanaView.swift */; };
		FA587D572B62B54100601DBA /* TipoPrestamo.swift in Sources */ = {isa = PBXBuildFile; fileRef = FA587D562B62B54100601DBA /* TipoPrestamo.swift */; };
		FA5ADD8A2B3331F700504EB0 /* DetalleDeCuentaView.swift in Sources */ = {isa = PBXBuildFile; fileRef = FA5ADD892B3331F700504EB0 /* DetalleDeCuentaView.swift */; };
		FA5ADD8D2B3332ED00504EB0 /* ServiciosView.swift in Sources */ = {isa = PBXBuildFile; fileRef = FA5ADD8C2B3332ED00504EB0 /* ServiciosView.swift */; };
		FA5C43562B635E5D00B32D93 /* LocationManager.swift in Sources */ = {isa = PBXBuildFile; fileRef = FA5C43552B635E5D00B32D93 /* LocationManager.swift */; };
		FA5EFD2F2B3C6D3900258AF4 /* UbicanosYLlamanosComponent.swift in Sources */ = {isa = PBXBuildFile; fileRef = FA5EFD2E2B3C6D3900258AF4 /* UbicanosYLlamanosComponent.swift */; };
		FA640EF32B3E7F95008428BF /* DetalleCuentaView.swift in Sources */ = {isa = PBXBuildFile; fileRef = FA640EF22B3E7F95008428BF /* DetalleCuentaView.swift */; };
		FA66A5452B32AE38000B27E6 /* TransferenciaView.swift in Sources */ = {isa = PBXBuildFile; fileRef = FA66A5442B32AE38000B27E6 /* TransferenciaView.swift */; };
		FA66A5472B32AE45000B27E6 /* PagosView.swift in Sources */ = {isa = PBXBuildFile; fileRef = FA66A5462B32AE45000B27E6 /* PagosView.swift */; };
		FA66A5492B32AE4F000B27E6 /* PrestamosView.swift in Sources */ = {isa = PBXBuildFile; fileRef = FA66A5482B32AE4F000B27E6 /* PrestamosView.swift */; };
		FA66A54B2B32AE5E000B27E6 /* ParaTiView.swift in Sources */ = {isa = PBXBuildFile; fileRef = FA66A54A2B32AE5E000B27E6 /* ParaTiView.swift */; };
		FA66A54E2B32AF04000B27E6 /* ConsultasView.swift in Sources */ = {isa = PBXBuildFile; fileRef = FA66A54D2B32AF04000B27E6 /* ConsultasView.swift */; };
		FA66A5502B32AF39000B27E6 /* PrincipalView.swift in Sources */ = {isa = PBXBuildFile; fileRef = FA66A54F2B32AF39000B27E6 /* PrincipalView.swift */; };
		FA6A8DC22B3116AA002F76B0 /* WelcomeView.swift in Sources */ = {isa = PBXBuildFile; fileRef = FA6A8DC12B3116AA002F76B0 /* WelcomeView.swift */; };
		FA6A8DCA2B31224D002F76B0 /* DocumentNumberView.swift in Sources */ = {isa = PBXBuildFile; fileRef = FA6A8DC92B31224D002F76B0 /* DocumentNumberView.swift */; };
		FA6A8DD62B313170002F76B0 /* Colores.xcassets in Resources */ = {isa = PBXBuildFile; fileRef = FA6A8DD52B313170002F76B0 /* Colores.xcassets */; };
		FA6A8DF42B313D2E002F76B0 /* swiftgen.yml in Resources */ = {isa = PBXBuildFile; fileRef = FA6A8DF32B313D2E002F76B0 /* swiftgen.yml */; };
		FA6A97142B3F82190004918D /* TicketCuentaYInterbancaria.swift in Sources */ = {isa = PBXBuildFile; fileRef = FA6A97132B3F82190004918D /* TicketCuentaYInterbancaria.swift */; };
		FA6A97172B3F8C900004918D /* ConsultasRouter.swift in Sources */ = {isa = PBXBuildFile; fileRef = FA6A97162B3F8C900004918D /* ConsultasRouter.swift */; };
		FA6A97192B3FDE990004918D /* TicketSinMovimiento.swift in Sources */ = {isa = PBXBuildFile; fileRef = FA6A97182B3FDE990004918D /* TicketSinMovimiento.swift */; };
		FA6BF1912B3CFAE100C286FE /* LoginData.swift in Sources */ = {isa = PBXBuildFile; fileRef = FA6BF1902B3CFAE100C286FE /* LoginData.swift */; };
		FA6BF1932B3CFB8400C286FE /* MemoriaLogin.swift in Sources */ = {isa = PBXBuildFile; fileRef = FA6BF1922B3CFB8400C286FE /* MemoriaLogin.swift */; };
		FA6BF1952B3D015000C286FE /* Login.swift in Sources */ = {isa = PBXBuildFile; fileRef = FA6BF1942B3D015000C286FE /* Login.swift */; };
		FA6BF1972B3D01CE00C286FE /* LoginRepository.swift in Sources */ = {isa = PBXBuildFile; fileRef = FA6BF1962B3D01CE00C286FE /* LoginRepository.swift */; };
		FA6BF1992B3D063000C286FE /* LoginViewModel.swift in Sources */ = {isa = PBXBuildFile; fileRef = FA6BF1982B3D063000C286FE /* LoginViewModel.swift */; };
		FA6BF19B2B3D160400C286FE /* LoginUiState.swift in Sources */ = {isa = PBXBuildFile; fileRef = FA6BF19A2B3D160400C286FE /* LoginUiState.swift */; };
		FA6BF19E2B3D175000C286FE /* LoginButton.swift in Sources */ = {isa = PBXBuildFile; fileRef = FA6BF19D2B3D175000C286FE /* LoginButton.swift */; };
		FA6DFA6B2B33C8590023295F /* UserResponse.json in Resources */ = {isa = PBXBuildFile; fileRef = FA6DFA6A2B33C8590023295F /* UserResponse.json */; };
		FA6DFA722B33CDD60023295F /* Assets.swift in Sources */ = {isa = PBXBuildFile; fileRef = FA6DFA6E2B33CDD60023295F /* Assets.swift */; };
		FA6DFA742B33CDD60023295F /* JSON.swift in Sources */ = {isa = PBXBuildFile; fileRef = FA6DFA702B33CDD60023295F /* JSON.swift */; };
		FA6DFA752B33CDD60023295F /* Strings.swift in Sources */ = {isa = PBXBuildFile; fileRef = FA6DFA712B33CDD60023295F /* Strings.swift */; };
		FA6F02C42B352F9E005CA79E /* User.swift in Sources */ = {isa = PBXBuildFile; fileRef = FA6F02C32B352F9E005CA79E /* User.swift */; };
		FA6F02CA2B35304E005CA79E /* prueba4.swift in Sources */ = {isa = PBXBuildFile; fileRef = FA6F02C92B35304E005CA79E /* prueba4.swift */; };
		FA6F02DF2B353706005CA79E /* NextButtonView.swift in Sources */ = {isa = PBXBuildFile; fileRef = FA6F02DE2B353706005CA79E /* NextButtonView.swift */; };
		FA6FC17B2B351E590088A87F /* TomaFotoView.swift in Sources */ = {isa = PBXBuildFile; fileRef = FA6FC17A2B351E590088A87F /* TomaFotoView.swift */; };
		FA6FC19A2B35270B0088A87F /* Inter-Medium.ttf in Resources */ = {isa = PBXBuildFile; fileRef = FA6FC1912B35270B0088A87F /* Inter-Medium.ttf */; };
		FA6FC19B2B35270B0088A87F /* Inter-Regular.ttf in Resources */ = {isa = PBXBuildFile; fileRef = FA6FC1922B35270B0088A87F /* Inter-Regular.ttf */; };
		FA6FC19C2B35270B0088A87F /* Inter-SemiBold.ttf in Resources */ = {isa = PBXBuildFile; fileRef = FA6FC1932B35270B0088A87F /* Inter-SemiBold.ttf */; };
		FA6FC19D2B35270B0088A87F /* Inter-ExtraLight.ttf in Resources */ = {isa = PBXBuildFile; fileRef = FA6FC1942B35270B0088A87F /* Inter-ExtraLight.ttf */; };
		FA6FC19E2B35270B0088A87F /* Inter-Black.ttf in Resources */ = {isa = PBXBuildFile; fileRef = FA6FC1952B35270B0088A87F /* Inter-Black.ttf */; };
		FA6FC19F2B35270B0088A87F /* Inter-ExtraBold.ttf in Resources */ = {isa = PBXBuildFile; fileRef = FA6FC1962B35270B0088A87F /* Inter-ExtraBold.ttf */; };
		FA6FC1A02B35270B0088A87F /* Inter-Thin.ttf in Resources */ = {isa = PBXBuildFile; fileRef = FA6FC1972B35270B0088A87F /* Inter-Thin.ttf */; };
		FA6FC1A12B35270B0088A87F /* Inter-Light.ttf in Resources */ = {isa = PBXBuildFile; fileRef = FA6FC1982B35270B0088A87F /* Inter-Light.ttf */; };
		FA6FC1A22B35270B0088A87F /* Inter-Bold.ttf in Resources */ = {isa = PBXBuildFile; fileRef = FA6FC1992B35270B0088A87F /* Inter-Bold.ttf */; };
		FA6FE0A82B3E409D00DB1A02 /* TicketMonto.swift in Sources */ = {isa = PBXBuildFile; fileRef = FA6FE0A72B3E409D00DB1A02 /* TicketMonto.swift */; };
		FA7734FE2B465A960032019B /* OtrasCuentasView.swift in Sources */ = {isa = PBXBuildFile; fileRef = FA7734FD2B465A960032019B /* OtrasCuentasView.swift */; };
		FA7931C02B4CC00100E42AF2 /* Servicio.swift in Sources */ = {isa = PBXBuildFile; fileRef = FA7931BF2B4CC00100E42AF2 /* Servicio.swift */; };
		FA7931C22B4CC42600E42AF2 /* PagosViewModel.swift in Sources */ = {isa = PBXBuildFile; fileRef = FA7931C12B4CC42600E42AF2 /* PagosViewModel.swift */; };
		FA7931C42B4CC8F100E42AF2 /* PagoUiState.swift in Sources */ = {isa = PBXBuildFile; fileRef = FA7931C32B4CC8F100E42AF2 /* PagoUiState.swift */; };
		FA7B07522B47BE8300DFDD96 /* agenciaSercanaView.swift in Sources */ = {isa = PBXBuildFile; fileRef = FA7B07512B47BE8300DFDD96 /* agenciaSercanaView.swift */; };
		FA7B07542B47BE9100DFDD96 /* tipoDePrestamoView.swift in Sources */ = {isa = PBXBuildFile; fileRef = FA7B07532B47BE9100DFDD96 /* tipoDePrestamoView.swift */; };
		FA7B07582B47C63800DFDD96 /* PrestamosRouter.swift in Sources */ = {isa = PBXBuildFile; fileRef = FA7B07572B47C63800DFDD96 /* PrestamosRouter.swift */; };
		FA7B80CE2B69E23700517CA8 /* AhorrarCeldaView.swift in Sources */ = {isa = PBXBuildFile; fileRef = FA7B80CD2B69E23700517CA8 /* AhorrarCeldaView.swift */; };
		FA7BAA582B6C1ED500B49752 /* SeguroCeldaView.swift in Sources */ = {isa = PBXBuildFile; fileRef = FA7BAA572B6C1ED500B49752 /* SeguroCeldaView.swift */; };
		FA7BAA5A2B6C1EE600B49752 /* VenderMasCeldaView.swift in Sources */ = {isa = PBXBuildFile; fileRef = FA7BAA592B6C1EE600B49752 /* VenderMasCeldaView.swift */; };
		FA7BB2D72B40A770005B1375 /* ConsultaSheetView.swift in Sources */ = {isa = PBXBuildFile; fileRef = FA7BB2D62B40A770005B1375 /* ConsultaSheetView.swift */; };
		FA7C674E2B4BA33F006B08D4 /* ServiciosResponse.swift in Sources */ = {isa = PBXBuildFile; fileRef = FA7C674D2B4BA33F006B08D4 /* ServiciosResponse.swift */; };
		FA7C67522B4BA7E1006B08D4 /* ServicesRepository.swift in Sources */ = {isa = PBXBuildFile; fileRef = FA7C67512B4BA7E1006B08D4 /* ServicesRepository.swift */; };
		FA84E0332B4E106D00B675D6 /* PagosWebView.swift in Sources */ = {isa = PBXBuildFile; fileRef = FA84E0322B4E106D00B675D6 /* PagosWebView.swift */; };
		FA84E0352B4E18E500B675D6 /* PagosDeServicioView.swift in Sources */ = {isa = PBXBuildFile; fileRef = FA84E0342B4E18E500B675D6 /* PagosDeServicioView.swift */; };
		FA88238A2B3F1CBC00E1FABD /* TicketAhorro.swift in Sources */ = {isa = PBXBuildFile; fileRef = FA8823892B3F1CBC00E1FABD /* TicketAhorro.swift */; };
		FA888FED2B5B713F00878134 /* PagarServicioSheetView.swift in Sources */ = {isa = PBXBuildFile; fileRef = FA888FEC2B5B713F00878134 /* PagarServicioSheetView.swift */; };
		FA89ED782B6471EA004556B5 /* ParaTiRouter.swift in Sources */ = {isa = PBXBuildFile; fileRef = FA89ED772B6471EA004556B5 /* ParaTiRouter.swift */; };
		FA8C294C2B59DF2D00E5466E /* PagarServicioView.swift in Sources */ = {isa = PBXBuildFile; fileRef = FA8C294B2B59DF2D00E5466E /* PagarServicioView.swift */; };
		FA8C294E2B5A174700E5466E /* SuppliersResponse.swift in Sources */ = {isa = PBXBuildFile; fileRef = FA8C294D2B5A174700E5466E /* SuppliersResponse.swift */; };
		FA8C29502B5A1A8900E5466E /* SupplierRepository.swift in Sources */ = {isa = PBXBuildFile; fileRef = FA8C294F2B5A1A8900E5466E /* SupplierRepository.swift */; };
		FA8C29522B5A1A9800E5466E /* Supplier.swift in Sources */ = {isa = PBXBuildFile; fileRef = FA8C29512B5A1A9800E5466E /* Supplier.swift */; };
		FA8C29542B5A2C2C00E5466E /* PagarServicioViewModel.swift in Sources */ = {isa = PBXBuildFile; fileRef = FA8C29532B5A2C2C00E5466E /* PagarServicioViewModel.swift */; };
		FA8C29562B5A30B300E5466E /* PagarServicioUiState.swift in Sources */ = {isa = PBXBuildFile; fileRef = FA8C29552B5A30B300E5466E /* PagarServicioUiState.swift */; };
		FA920DA92B46FFD10066FA03 /* AlertAceptView.swift in Sources */ = {isa = PBXBuildFile; fileRef = FA920DA82B46FFD10066FA03 /* AlertAceptView.swift */; };
		FA920DAF2B4711370066FA03 /* TransferenciaAOtraCuentaRouter.swift in Sources */ = {isa = PBXBuildFile; fileRef = FA920DAE2B4711370066FA03 /* TransferenciaAOtraCuentaRouter.swift */; };
		FA9BDBE32B30A8320037392B /* RegisterView.swift in Sources */ = {isa = PBXBuildFile; fileRef = FA9BDBE22B30A8320037392B /* RegisterView.swift */; };
		FABC4F762B35411C00AB0B13 /* Fonts.swift in Sources */ = {isa = PBXBuildFile; fileRef = FABC4F752B35411C00AB0B13 /* Fonts.swift */; };
		FACED48D2B2CB44A00B6BBC3 /* BankAppSwiftUIApp.swift in Sources */ = {isa = PBXBuildFile; fileRef = FACED48C2B2CB44A00B6BBC3 /* BankAppSwiftUIApp.swift */; };
		FACED4912B2CB44B00B6BBC3 /* Imagenes.xcassets in Resources */ = {isa = PBXBuildFile; fileRef = FACED4902B2CB44B00B6BBC3 /* Imagenes.xcassets */; };
		FACED4942B2CB44B00B6BBC3 /* Preview Assets.xcassets in Resources */ = {isa = PBXBuildFile; fileRef = FACED4932B2CB44B00B6BBC3 /* Preview Assets.xcassets */; };
		FACED4A32B2CB44B00B6BBC3 /* BankAppSwiftUITests.swift in Sources */ = {isa = PBXBuildFile; fileRef = FACED4A22B2CB44B00B6BBC3 /* BankAppSwiftUITests.swift */; };
		FACED4AD2B2CB44B00B6BBC3 /* BankAppSwiftUIUITests.swift in Sources */ = {isa = PBXBuildFile; fileRef = FACED4AC2B2CB44B00B6BBC3 /* BankAppSwiftUIUITests.swift */; };
		FACED4AF2B2CB44B00B6BBC3 /* BankAppSwiftUIUITestsLaunchTests.swift in Sources */ = {isa = PBXBuildFile; fileRef = FACED4AE2B2CB44B00B6BBC3 /* BankAppSwiftUIUITestsLaunchTests.swift */; };
/* End PBXBuildFile section */

/* Begin PBXContainerItemProxy section */
		FACED49F2B2CB44B00B6BBC3 /* PBXContainerItemProxy */ = {
			isa = PBXContainerItemProxy;
			containerPortal = FACED4812B2CB44A00B6BBC3 /* Project object */;
			proxyType = 1;
			remoteGlobalIDString = FACED4882B2CB44A00B6BBC3;
			remoteInfo = BankAppSwiftUI;
		};
		FACED4A92B2CB44B00B6BBC3 /* PBXContainerItemProxy */ = {
			isa = PBXContainerItemProxy;
			containerPortal = FACED4812B2CB44A00B6BBC3 /* Project object */;
			proxyType = 1;
			remoteGlobalIDString = FACED4882B2CB44A00B6BBC3;
			remoteInfo = BankAppSwiftUI;
		};
/* End PBXContainerItemProxy section */

/* Begin PBXFileReference section */
		240FF9AA2BB27347007C7631 /* ConsultasViewScreenshot.png */ = {isa = PBXFileReference; lastKnownFileType = image.png; path = ConsultasViewScreenshot.png; sourceTree = "<group>"; };
		240FF9AB2BB27347007C7631 /* LoginScreenshot.png */ = {isa = PBXFileReference; lastKnownFileType = image.png; path = LoginScreenshot.png; sourceTree = "<group>"; };
		240FF9AC2BB27347007C7631 /* WelcomeScreenshot.png */ = {isa = PBXFileReference; lastKnownFileType = image.png; path = WelcomeScreenshot.png; sourceTree = "<group>"; };
		240FF9AE2BB27347007C7631 /* ServerLogo.png */ = {isa = PBXFileReference; lastKnownFileType = image.png; path = ServerLogo.png; sourceTree = "<group>"; };
		240FF9AF2BB27363007C7631 /* MainLogo.png */ = {isa = PBXFileReference; lastKnownFileType = image.png; path = MainLogo.png; sourceTree = "<group>"; };
		2418BC582B4B3D600004F40A /* ImageToolbarContent.swift */ = {isa = PBXFileReference; lastKnownFileType = sourcecode.swift; path = ImageToolbarContent.swift; sourceTree = "<group>"; };
		2418BC5A2B4B45500004F40A /* TextToolbarContent.swift */ = {isa = PBXFileReference; lastKnownFileType = sourcecode.swift; path = TextToolbarContent.swift; sourceTree = "<group>"; };
		2418BC642B4B6E1C0004F40A /* UsuarioEntity.swift */ = {isa = PBXFileReference; fileEncoding = 4; lastKnownFileType = sourcecode.swift; path = UsuarioEntity.swift; sourceTree = "<group>"; };
		2418BC652B4B6E1C0004F40A /* BankGRDB.swift */ = {isa = PBXFileReference; fileEncoding = 4; lastKnownFileType = sourcecode.swift; path = BankGRDB.swift; sourceTree = "<group>"; };
		241D98432B3A05A5007BD97D /* AppRootManager.swift */ = {isa = PBXFileReference; lastKnownFileType = sourcecode.swift; path = AppRootManager.swift; sourceTree = "<group>"; };
		241D98452B3A0BED007BD97D /* PrincipalRootView.swift */ = {isa = PBXFileReference; lastKnownFileType = sourcecode.swift; path = PrincipalRootView.swift; sourceTree = "<group>"; };
		241D98482B3A0C56007BD97D /* SplashRootView.swift */ = {isa = PBXFileReference; lastKnownFileType = sourcecode.swift; path = SplashRootView.swift; sourceTree = "<group>"; };
		24556DC92BAFB34A0046D20A /* ProfileView.swift */ = {isa = PBXFileReference; lastKnownFileType = sourcecode.swift; path = ProfileView.swift; sourceTree = "<group>"; };
		246313DE2B38D601004F2D28 /* RegisterSheetView.swift */ = {isa = PBXFileReference; lastKnownFileType = sourcecode.swift; path = RegisterSheetView.swift; sourceTree = "<group>"; };
		246313E02B38EB19004F2D28 /* AuthenticationRootView.swift */ = {isa = PBXFileReference; lastKnownFileType = sourcecode.swift; path = AuthenticationRootView.swift; sourceTree = "<group>"; };
		246313EC2B3963B7004F2D28 /* LoginView.swift */ = {isa = PBXFileReference; lastKnownFileType = sourcecode.swift; path = LoginView.swift; sourceTree = "<group>"; };
		246313EE2B39F8FF004F2D28 /* AuthenticationRouter.swift */ = {isa = PBXFileReference; lastKnownFileType = sourcecode.swift; path = AuthenticationRouter.swift; sourceTree = "<group>"; };
		2492B3F12B47148D007AAA4E /* BankApi.swift */ = {isa = PBXFileReference; fileEncoding = 4; lastKnownFileType = sourcecode.swift; path = BankApi.swift; sourceTree = "<group>"; };
		2492B3F42B471500007AAA4E /* LoginResponse.swift */ = {isa = PBXFileReference; lastKnownFileType = sourcecode.swift; path = LoginResponse.swift; sourceTree = "<group>"; };
		2492B3F62B471653007AAA4E /* Authentication.swift */ = {isa = PBXFileReference; lastKnownFileType = sourcecode.swift; path = Authentication.swift; sourceTree = "<group>"; };
		24AA47712B4132B7005852D2 /* PrimaryButtonStyle.swift */ = {isa = PBXFileReference; lastKnownFileType = sourcecode.swift; path = PrimaryButtonStyle.swift; sourceTree = "<group>"; };
		24AA47742B41428B005852D2 /* CircularProgressView.swift */ = {isa = PBXFileReference; lastKnownFileType = sourcecode.swift; path = CircularProgressView.swift; sourceTree = "<group>"; };
		24AA47762B41B2F2005852D2 /* SectionView.swift */ = {isa = PBXFileReference; lastKnownFileType = sourcecode.swift; path = SectionView.swift; sourceTree = "<group>"; };
		24AA47782B41BBB3005852D2 /* SpinnerViewModifier.swift */ = {isa = PBXFileReference; lastKnownFileType = sourcecode.swift; path = SpinnerViewModifier.swift; sourceTree = "<group>"; };
		24AA477E2B41E8A7005852D2 /* View.swift */ = {isa = PBXFileReference; lastKnownFileType = sourcecode.swift; path = View.swift; sourceTree = "<group>"; };
		24AA47812B41EA6E005852D2 /* RenderIfModifier.swift */ = {isa = PBXFileReference; lastKnownFileType = sourcecode.swift; path = RenderIfModifier.swift; sourceTree = "<group>"; };
		24AA47862B426A82005852D2 /* login_response_200_OK.json */ = {isa = PBXFileReference; lastKnownFileType = text.json; path = login_response_200_OK.json; sourceTree = "<group>"; };
		24AA47882B426A82005852D2 /* db.json */ = {isa = PBXFileReference; lastKnownFileType = text.json; path = db.json; sourceTree = "<group>"; };
		24AA50182B426A87005852D2 /* index.js */ = {isa = PBXFileReference; lastKnownFileType = sourcecode.javascript; path = index.js; sourceTree = "<group>"; };
		24AA50192B426A87005852D2 /* .gitignore */ = {isa = PBXFileReference; lastKnownFileType = text; path = .gitignore; sourceTree = "<group>"; };
		24AA501A2B426A87005852D2 /* package-lock.json */ = {isa = PBXFileReference; lastKnownFileType = text.json; path = "package-lock.json"; sourceTree = "<group>"; };
		24AA501B2B426A87005852D2 /* package.json */ = {isa = PBXFileReference; lastKnownFileType = text.json; path = package.json; sourceTree = "<group>"; };
		24D2A76D2B35F10000EDF389 /* en */ = {isa = PBXFileReference; lastKnownFileType = text.plist.strings; name = en; path = en.lproj/Localizable.strings; sourceTree = "<group>"; };
		24D2A76F2B35F10400EDF389 /* es-419 */ = {isa = PBXFileReference; lastKnownFileType = text.plist.strings; name = "es-419"; path = "es-419.lproj/Localizable.strings"; sourceTree = "<group>"; };
		24D2A7702B35F75D00EDF389 /* README.md */ = {isa = PBXFileReference; lastKnownFileType = net.daringfireball.markdown; path = README.md; sourceTree = "<group>"; };
		24D2A7732B37920500EDF389 /* .swiftlint.yml */ = {isa = PBXFileReference; lastKnownFileType = text.yaml; path = .swiftlint.yml; sourceTree = "<group>"; };
		24D2A77F2B37AF1600EDF389 /* Sourcery.yml */ = {isa = PBXFileReference; lastKnownFileType = text.yaml; path = Sourcery.yml; sourceTree = "<group>"; };
		24D2A7832B37B07000EDF389 /* ModelsMock.swifttemplate */ = {isa = PBXFileReference; lastKnownFileType = text; path = ModelsMock.swifttemplate; sourceTree = "<group>"; };
		24D2A7842B37B0CA00EDF389 /* Core.meta.swift */ = {isa = PBXFileReference; lastKnownFileType = sourcecode.swift; path = Core.meta.swift; sourceTree = "<group>"; };
		24D2A7852B37B18900EDF389 /* MockParameter.meta.swift */ = {isa = PBXFileReference; lastKnownFileType = sourcecode.swift; path = MockParameter.meta.swift; sourceTree = "<group>"; };
		24D2A7862B37B1EB00EDF389 /* ModelsMock.meta.swift */ = {isa = PBXFileReference; lastKnownFileType = sourcecode.swift; path = ModelsMock.meta.swift; sourceTree = "<group>"; };
		24D2A7872B37B7A800EDF389 /* BankAppSwiftUIModels+mock.swift */ = {isa = PBXFileReference; fileEncoding = 4; lastKnownFileType = sourcecode.swift; path = "BankAppSwiftUIModels+mock.swift"; sourceTree = "<group>"; };
		24E82C3D2B4771BD0052EE51 /* GetUserResponse.swift */ = {isa = PBXFileReference; lastKnownFileType = sourcecode.swift; path = GetUserResponse.swift; sourceTree = "<group>"; };
		24E82C3F2B47BE2E0052EE51 /* PrincipalViewModel.swift */ = {isa = PBXFileReference; lastKnownFileType = sourcecode.swift; path = PrincipalViewModel.swift; sourceTree = "<group>"; };
		24E82C412B47C1670052EE51 /* PrincipalUiState.swift */ = {isa = PBXFileReference; lastKnownFileType = sourcecode.swift; path = PrincipalUiState.swift; sourceTree = "<group>"; };
		24E82C442B49B2ED0052EE51 /* LoginRequest.swift */ = {isa = PBXFileReference; lastKnownFileType = sourcecode.swift; path = LoginRequest.swift; sourceTree = "<group>"; };
		24E82C462B49BCC80052EE51 /* ErrorResponse.swift */ = {isa = PBXFileReference; lastKnownFileType = sourcecode.swift; path = ErrorResponse.swift; sourceTree = "<group>"; };
		FA01AFE52B576BDA00E5285D /* PagosRouter.swift */ = {isa = PBXFileReference; lastKnownFileType = sourcecode.swift; path = PagosRouter.swift; sourceTree = "<group>"; };
		FA57BDE02B2D31C50096CDAC /* SplashView.swift */ = {isa = PBXFileReference; lastKnownFileType = sourcecode.swift; path = SplashView.swift; sourceTree = "<group>"; };
		FA587D532B62B4F500601DBA /* AgenciaSercanaView.swift */ = {isa = PBXFileReference; lastKnownFileType = sourcecode.swift; path = AgenciaSercanaView.swift; sourceTree = "<group>"; };
		FA587D562B62B54100601DBA /* TipoPrestamo.swift */ = {isa = PBXFileReference; lastKnownFileType = sourcecode.swift; path = TipoPrestamo.swift; sourceTree = "<group>"; };
		FA5ADD892B3331F700504EB0 /* DetalleDeCuentaView.swift */ = {isa = PBXFileReference; lastKnownFileType = sourcecode.swift; path = DetalleDeCuentaView.swift; sourceTree = "<group>"; };
		FA5ADD8C2B3332ED00504EB0 /* ServiciosView.swift */ = {isa = PBXFileReference; lastKnownFileType = sourcecode.swift; path = ServiciosView.swift; sourceTree = "<group>"; };
		FA5C43552B635E5D00B32D93 /* LocationManager.swift */ = {isa = PBXFileReference; lastKnownFileType = sourcecode.swift; path = LocationManager.swift; sourceTree = "<group>"; };
		FA5EFD2E2B3C6D3900258AF4 /* UbicanosYLlamanosComponent.swift */ = {isa = PBXFileReference; lastKnownFileType = sourcecode.swift; path = UbicanosYLlamanosComponent.swift; sourceTree = "<group>"; };
		FA640EF22B3E7F95008428BF /* DetalleCuentaView.swift */ = {isa = PBXFileReference; lastKnownFileType = sourcecode.swift; path = DetalleCuentaView.swift; sourceTree = "<group>"; };
		FA66A5442B32AE38000B27E6 /* TransferenciaView.swift */ = {isa = PBXFileReference; lastKnownFileType = sourcecode.swift; path = TransferenciaView.swift; sourceTree = "<group>"; };
		FA66A5462B32AE45000B27E6 /* PagosView.swift */ = {isa = PBXFileReference; lastKnownFileType = sourcecode.swift; path = PagosView.swift; sourceTree = "<group>"; };
		FA66A5482B32AE4F000B27E6 /* PrestamosView.swift */ = {isa = PBXFileReference; lastKnownFileType = sourcecode.swift; path = PrestamosView.swift; sourceTree = "<group>"; };
		FA66A54A2B32AE5E000B27E6 /* ParaTiView.swift */ = {isa = PBXFileReference; lastKnownFileType = sourcecode.swift; path = ParaTiView.swift; sourceTree = "<group>"; };
		FA66A54D2B32AF04000B27E6 /* ConsultasView.swift */ = {isa = PBXFileReference; lastKnownFileType = sourcecode.swift; path = ConsultasView.swift; sourceTree = "<group>"; };
		FA66A54F2B32AF39000B27E6 /* PrincipalView.swift */ = {isa = PBXFileReference; lastKnownFileType = sourcecode.swift; path = PrincipalView.swift; sourceTree = "<group>"; };
		FA6A8DC12B3116AA002F76B0 /* WelcomeView.swift */ = {isa = PBXFileReference; lastKnownFileType = sourcecode.swift; path = WelcomeView.swift; sourceTree = "<group>"; };
		FA6A8DC92B31224D002F76B0 /* DocumentNumberView.swift */ = {isa = PBXFileReference; lastKnownFileType = sourcecode.swift; path = DocumentNumberView.swift; sourceTree = "<group>"; };
		FA6A8DD52B313170002F76B0 /* Colores.xcassets */ = {isa = PBXFileReference; lastKnownFileType = folder.assetcatalog; path = Colores.xcassets; sourceTree = "<group>"; };
		FA6A8DEF2B31399F002F76B0 /* Info.plist */ = {isa = PBXFileReference; lastKnownFileType = text.plist; path = Info.plist; sourceTree = "<group>"; };
		FA6A8DF32B313D2E002F76B0 /* swiftgen.yml */ = {isa = PBXFileReference; lastKnownFileType = text.yaml; path = swiftgen.yml; sourceTree = "<group>"; };
		FA6A97132B3F82190004918D /* TicketCuentaYInterbancaria.swift */ = {isa = PBXFileReference; lastKnownFileType = sourcecode.swift; path = TicketCuentaYInterbancaria.swift; sourceTree = "<group>"; };
		FA6A97162B3F8C900004918D /* ConsultasRouter.swift */ = {isa = PBXFileReference; lastKnownFileType = sourcecode.swift; path = ConsultasRouter.swift; sourceTree = "<group>"; };
		FA6A97182B3FDE990004918D /* TicketSinMovimiento.swift */ = {isa = PBXFileReference; lastKnownFileType = sourcecode.swift; path = TicketSinMovimiento.swift; sourceTree = "<group>"; };
		FA6BF1902B3CFAE100C286FE /* LoginData.swift */ = {isa = PBXFileReference; lastKnownFileType = sourcecode.swift; path = LoginData.swift; sourceTree = "<group>"; };
		FA6BF1922B3CFB8400C286FE /* MemoriaLogin.swift */ = {isa = PBXFileReference; lastKnownFileType = sourcecode.swift; path = MemoriaLogin.swift; sourceTree = "<group>"; };
		FA6BF1942B3D015000C286FE /* Login.swift */ = {isa = PBXFileReference; lastKnownFileType = sourcecode.swift; path = Login.swift; sourceTree = "<group>"; };
		FA6BF1962B3D01CE00C286FE /* LoginRepository.swift */ = {isa = PBXFileReference; lastKnownFileType = sourcecode.swift; path = LoginRepository.swift; sourceTree = "<group>"; };
		FA6BF1982B3D063000C286FE /* LoginViewModel.swift */ = {isa = PBXFileReference; lastKnownFileType = sourcecode.swift; path = LoginViewModel.swift; sourceTree = "<group>"; };
		FA6BF19A2B3D160400C286FE /* LoginUiState.swift */ = {isa = PBXFileReference; lastKnownFileType = sourcecode.swift; path = LoginUiState.swift; sourceTree = "<group>"; };
		FA6BF19D2B3D175000C286FE /* LoginButton.swift */ = {isa = PBXFileReference; lastKnownFileType = sourcecode.swift; path = LoginButton.swift; sourceTree = "<group>"; };
		FA6DFA6A2B33C8590023295F /* UserResponse.json */ = {isa = PBXFileReference; lastKnownFileType = text.json; path = UserResponse.json; sourceTree = "<group>"; };
		FA6DFA6E2B33CDD60023295F /* Assets.swift */ = {isa = PBXFileReference; fileEncoding = 4; lastKnownFileType = sourcecode.swift; path = Assets.swift; sourceTree = "<group>"; };
		FA6DFA702B33CDD60023295F /* JSON.swift */ = {isa = PBXFileReference; fileEncoding = 4; lastKnownFileType = sourcecode.swift; path = JSON.swift; sourceTree = "<group>"; };
		FA6DFA712B33CDD60023295F /* Strings.swift */ = {isa = PBXFileReference; fileEncoding = 4; lastKnownFileType = sourcecode.swift; path = Strings.swift; sourceTree = "<group>"; };
		FA6F02C32B352F9E005CA79E /* User.swift */ = {isa = PBXFileReference; lastKnownFileType = sourcecode.swift; path = User.swift; sourceTree = "<group>"; };
		FA6F02C92B35304E005CA79E /* prueba4.swift */ = {isa = PBXFileReference; lastKnownFileType = sourcecode.swift; path = prueba4.swift; sourceTree = "<group>"; };
		FA6F02DE2B353706005CA79E /* NextButtonView.swift */ = {isa = PBXFileReference; lastKnownFileType = sourcecode.swift; path = NextButtonView.swift; sourceTree = "<group>"; };
		FA6FC17A2B351E590088A87F /* TomaFotoView.swift */ = {isa = PBXFileReference; lastKnownFileType = sourcecode.swift; path = TomaFotoView.swift; sourceTree = "<group>"; };
		FA6FC1912B35270B0088A87F /* Inter-Medium.ttf */ = {isa = PBXFileReference; lastKnownFileType = file; path = "Inter-Medium.ttf"; sourceTree = "<group>"; };
		FA6FC1922B35270B0088A87F /* Inter-Regular.ttf */ = {isa = PBXFileReference; lastKnownFileType = file; path = "Inter-Regular.ttf"; sourceTree = "<group>"; };
		FA6FC1932B35270B0088A87F /* Inter-SemiBold.ttf */ = {isa = PBXFileReference; lastKnownFileType = file; path = "Inter-SemiBold.ttf"; sourceTree = "<group>"; };
		FA6FC1942B35270B0088A87F /* Inter-ExtraLight.ttf */ = {isa = PBXFileReference; lastKnownFileType = file; path = "Inter-ExtraLight.ttf"; sourceTree = "<group>"; };
		FA6FC1952B35270B0088A87F /* Inter-Black.ttf */ = {isa = PBXFileReference; lastKnownFileType = file; path = "Inter-Black.ttf"; sourceTree = "<group>"; };
		FA6FC1962B35270B0088A87F /* Inter-ExtraBold.ttf */ = {isa = PBXFileReference; lastKnownFileType = file; path = "Inter-ExtraBold.ttf"; sourceTree = "<group>"; };
		FA6FC1972B35270B0088A87F /* Inter-Thin.ttf */ = {isa = PBXFileReference; lastKnownFileType = file; path = "Inter-Thin.ttf"; sourceTree = "<group>"; };
		FA6FC1982B35270B0088A87F /* Inter-Light.ttf */ = {isa = PBXFileReference; lastKnownFileType = file; path = "Inter-Light.ttf"; sourceTree = "<group>"; };
		FA6FC1992B35270B0088A87F /* Inter-Bold.ttf */ = {isa = PBXFileReference; lastKnownFileType = file; path = "Inter-Bold.ttf"; sourceTree = "<group>"; };
		FA6FE0A72B3E409D00DB1A02 /* TicketMonto.swift */ = {isa = PBXFileReference; lastKnownFileType = sourcecode.swift; path = TicketMonto.swift; sourceTree = "<group>"; };
		FA7734FD2B465A960032019B /* OtrasCuentasView.swift */ = {isa = PBXFileReference; lastKnownFileType = sourcecode.swift; path = OtrasCuentasView.swift; sourceTree = "<group>"; };
		FA7931BF2B4CC00100E42AF2 /* Servicio.swift */ = {isa = PBXFileReference; lastKnownFileType = sourcecode.swift; path = Servicio.swift; sourceTree = "<group>"; };
		FA7931C12B4CC42600E42AF2 /* PagosViewModel.swift */ = {isa = PBXFileReference; lastKnownFileType = sourcecode.swift; path = PagosViewModel.swift; sourceTree = "<group>"; };
		FA7931C32B4CC8F100E42AF2 /* PagoUiState.swift */ = {isa = PBXFileReference; lastKnownFileType = sourcecode.swift; path = PagoUiState.swift; sourceTree = "<group>"; };
		FA7B07512B47BE8300DFDD96 /* agenciaSercanaView.swift */ = {isa = PBXFileReference; lastKnownFileType = sourcecode.swift; path = agenciaSercanaView.swift; sourceTree = "<group>"; };
		FA7B07532B47BE9100DFDD96 /* tipoDePrestamoView.swift */ = {isa = PBXFileReference; lastKnownFileType = sourcecode.swift; path = tipoDePrestamoView.swift; sourceTree = "<group>"; };
		FA7B07572B47C63800DFDD96 /* PrestamosRouter.swift */ = {isa = PBXFileReference; lastKnownFileType = sourcecode.swift; path = PrestamosRouter.swift; sourceTree = "<group>"; };
		FA7B80CD2B69E23700517CA8 /* AhorrarCeldaView.swift */ = {isa = PBXFileReference; lastKnownFileType = sourcecode.swift; path = AhorrarCeldaView.swift; sourceTree = "<group>"; };
		FA7BAA572B6C1ED500B49752 /* SeguroCeldaView.swift */ = {isa = PBXFileReference; lastKnownFileType = sourcecode.swift; path = SeguroCeldaView.swift; sourceTree = "<group>"; };
		FA7BAA592B6C1EE600B49752 /* VenderMasCeldaView.swift */ = {isa = PBXFileReference; lastKnownFileType = sourcecode.swift; path = VenderMasCeldaView.swift; sourceTree = "<group>"; };
		FA7BB2D62B40A770005B1375 /* ConsultaSheetView.swift */ = {isa = PBXFileReference; lastKnownFileType = sourcecode.swift; path = ConsultaSheetView.swift; sourceTree = "<group>"; };
		FA7C674D2B4BA33F006B08D4 /* ServiciosResponse.swift */ = {isa = PBXFileReference; lastKnownFileType = sourcecode.swift; path = ServiciosResponse.swift; sourceTree = "<group>"; };
		FA7C67512B4BA7E1006B08D4 /* ServicesRepository.swift */ = {isa = PBXFileReference; lastKnownFileType = sourcecode.swift; path = ServicesRepository.swift; sourceTree = "<group>"; };
		FA84E0322B4E106D00B675D6 /* PagosWebView.swift */ = {isa = PBXFileReference; lastKnownFileType = sourcecode.swift; path = PagosWebView.swift; sourceTree = "<group>"; };
		FA84E0342B4E18E500B675D6 /* PagosDeServicioView.swift */ = {isa = PBXFileReference; lastKnownFileType = sourcecode.swift; path = PagosDeServicioView.swift; sourceTree = "<group>"; };
		FA8823892B3F1CBC00E1FABD /* TicketAhorro.swift */ = {isa = PBXFileReference; lastKnownFileType = sourcecode.swift; path = TicketAhorro.swift; sourceTree = "<group>"; };
		FA888FEC2B5B713F00878134 /* PagarServicioSheetView.swift */ = {isa = PBXFileReference; lastKnownFileType = sourcecode.swift; path = PagarServicioSheetView.swift; sourceTree = "<group>"; };
		FA89ED772B6471EA004556B5 /* ParaTiRouter.swift */ = {isa = PBXFileReference; lastKnownFileType = sourcecode.swift; path = ParaTiRouter.swift; sourceTree = "<group>"; };
		FA8C294B2B59DF2D00E5466E /* PagarServicioView.swift */ = {isa = PBXFileReference; lastKnownFileType = sourcecode.swift; path = PagarServicioView.swift; sourceTree = "<group>"; };
		FA8C294D2B5A174700E5466E /* SuppliersResponse.swift */ = {isa = PBXFileReference; lastKnownFileType = sourcecode.swift; path = SuppliersResponse.swift; sourceTree = "<group>"; };
		FA8C294F2B5A1A8900E5466E /* SupplierRepository.swift */ = {isa = PBXFileReference; lastKnownFileType = sourcecode.swift; path = SupplierRepository.swift; sourceTree = "<group>"; };
		FA8C29512B5A1A9800E5466E /* Supplier.swift */ = {isa = PBXFileReference; lastKnownFileType = sourcecode.swift; path = Supplier.swift; sourceTree = "<group>"; };
		FA8C29532B5A2C2C00E5466E /* PagarServicioViewModel.swift */ = {isa = PBXFileReference; lastKnownFileType = sourcecode.swift; path = PagarServicioViewModel.swift; sourceTree = "<group>"; };
		FA8C29552B5A30B300E5466E /* PagarServicioUiState.swift */ = {isa = PBXFileReference; lastKnownFileType = sourcecode.swift; path = PagarServicioUiState.swift; sourceTree = "<group>"; };
		FA920DA82B46FFD10066FA03 /* AlertAceptView.swift */ = {isa = PBXFileReference; lastKnownFileType = sourcecode.swift; path = AlertAceptView.swift; sourceTree = "<group>"; };
		FA920DAE2B4711370066FA03 /* TransferenciaAOtraCuentaRouter.swift */ = {isa = PBXFileReference; lastKnownFileType = sourcecode.swift; path = TransferenciaAOtraCuentaRouter.swift; sourceTree = "<group>"; };
		FA9BDBE22B30A8320037392B /* RegisterView.swift */ = {isa = PBXFileReference; lastKnownFileType = sourcecode.swift; path = RegisterView.swift; sourceTree = "<group>"; };
		FABC4F752B35411C00AB0B13 /* Fonts.swift */ = {isa = PBXFileReference; fileEncoding = 4; lastKnownFileType = sourcecode.swift; path = Fonts.swift; sourceTree = "<group>"; };
		FACED4892B2CB44A00B6BBC3 /* BankAppSwiftUI.app */ = {isa = PBXFileReference; explicitFileType = wrapper.application; includeInIndex = 0; path = BankAppSwiftUI.app; sourceTree = BUILT_PRODUCTS_DIR; };
		FACED48C2B2CB44A00B6BBC3 /* BankAppSwiftUIApp.swift */ = {isa = PBXFileReference; lastKnownFileType = sourcecode.swift; path = BankAppSwiftUIApp.swift; sourceTree = "<group>"; };
		FACED4902B2CB44B00B6BBC3 /* Imagenes.xcassets */ = {isa = PBXFileReference; lastKnownFileType = folder.assetcatalog; path = Imagenes.xcassets; sourceTree = "<group>"; };
		FACED4932B2CB44B00B6BBC3 /* Preview Assets.xcassets */ = {isa = PBXFileReference; lastKnownFileType = folder.assetcatalog; path = "Preview Assets.xcassets"; sourceTree = "<group>"; };
		FACED49E2B2CB44B00B6BBC3 /* BankAppSwiftUITests.xctest */ = {isa = PBXFileReference; explicitFileType = wrapper.cfbundle; includeInIndex = 0; path = BankAppSwiftUITests.xctest; sourceTree = BUILT_PRODUCTS_DIR; };
		FACED4A22B2CB44B00B6BBC3 /* BankAppSwiftUITests.swift */ = {isa = PBXFileReference; lastKnownFileType = sourcecode.swift; path = BankAppSwiftUITests.swift; sourceTree = "<group>"; };
		FACED4A82B2CB44B00B6BBC3 /* BankAppSwiftUIUITests.xctest */ = {isa = PBXFileReference; explicitFileType = wrapper.cfbundle; includeInIndex = 0; path = BankAppSwiftUIUITests.xctest; sourceTree = BUILT_PRODUCTS_DIR; };
		FACED4AC2B2CB44B00B6BBC3 /* BankAppSwiftUIUITests.swift */ = {isa = PBXFileReference; lastKnownFileType = sourcecode.swift; path = BankAppSwiftUIUITests.swift; sourceTree = "<group>"; };
		FACED4AE2B2CB44B00B6BBC3 /* BankAppSwiftUIUITestsLaunchTests.swift */ = {isa = PBXFileReference; lastKnownFileType = sourcecode.swift; path = BankAppSwiftUIUITestsLaunchTests.swift; sourceTree = "<group>"; };
		FACED4BC2B2CBE7200B6BBC3 /* .gitignore */ = {isa = PBXFileReference; lastKnownFileType = text; path = .gitignore; sourceTree = "<group>"; };
/* End PBXFileReference section */

/* Begin PBXFrameworksBuildPhase section */
		FACED4862B2CB44A00B6BBC3 /* Frameworks */ = {
			isa = PBXFrameworksBuildPhase;
			buildActionMask = 2147483647;
			files = (
				2418BC5E2B4B5B740004F40A /* GRDB in Frameworks */,
				24D2A77B2B37ACBA00EDF389 /* ShowTime in Frameworks */,
				24D2A7782B37A92800EDF389 /* netfox in Frameworks */,
			);
			runOnlyForDeploymentPostprocessing = 0;
		};
		FACED49B2B2CB44B00B6BBC3 /* Frameworks */ = {
			isa = PBXFrameworksBuildPhase;
			buildActionMask = 2147483647;
			files = (
			);
			runOnlyForDeploymentPostprocessing = 0;
		};
		FACED4A52B2CB44B00B6BBC3 /* Frameworks */ = {
			isa = PBXFrameworksBuildPhase;
			buildActionMask = 2147483647;
			files = (
			);
			runOnlyForDeploymentPostprocessing = 0;
		};
/* End PBXFrameworksBuildPhase section */

/* Begin PBXGroup section */
		240FF9A92BB27347007C7631 /* Screenshots */ = {
			isa = PBXGroup;
			children = (
				240FF9AF2BB27363007C7631 /* MainLogo.png */,
				240FF9AA2BB27347007C7631 /* ConsultasViewScreenshot.png */,
				240FF9AB2BB27347007C7631 /* LoginScreenshot.png */,
				240FF9AC2BB27347007C7631 /* WelcomeScreenshot.png */,
				240FF9AE2BB27347007C7631 /* ServerLogo.png */,
			);
			path = Screenshots;
			sourceTree = "<group>";
		};
		2418BC572B4B3D100004F40A /* Component */ = {
			isa = PBXGroup;
			children = (
				2418BC582B4B3D600004F40A /* ImageToolbarContent.swift */,
				2418BC5A2B4B45500004F40A /* TextToolbarContent.swift */,
			);
			path = Component;
			sourceTree = "<group>";
		};
		2418BC622B4B6E1C0004F40A /* DataBase */ = {
			isa = PBXGroup;
			children = (
				2418BC632B4B6E1C0004F40A /* Models */,
				2418BC652B4B6E1C0004F40A /* BankGRDB.swift */,
			);
			path = DataBase;
			sourceTree = "<group>";
		};
		2418BC632B4B6E1C0004F40A /* Models */ = {
			isa = PBXGroup;
			children = (
				2418BC642B4B6E1C0004F40A /* UsuarioEntity.swift */,
			);
			path = Models;
			sourceTree = "<group>";
		};
		241D98472B3A0C26007BD97D /* RootViews */ = {
			isa = PBXGroup;
			children = (
				241D98482B3A0C56007BD97D /* SplashRootView.swift */,
				241D984B2B3A0DF2007BD97D /* Authentication */,
				FA6A97152B3F8C490004918D /* Principal */,
			);
			path = RootViews;
			sourceTree = "<group>";
		};
		241D984A2B3A0CA3007BD97D /* Root */ = {
			isa = PBXGroup;
			children = (
				241D98432B3A05A5007BD97D /* AppRootManager.swift */,
				241D98472B3A0C26007BD97D /* RootViews */,
			);
			path = Root;
			sourceTree = "<group>";
		};
		241D984B2B3A0DF2007BD97D /* Authentication */ = {
			isa = PBXGroup;
			children = (
				246313E02B38EB19004F2D28 /* AuthenticationRootView.swift */,
				246313EE2B39F8FF004F2D28 /* AuthenticationRouter.swift */,
			);
			path = Authentication;
			sourceTree = "<group>";
		};
		24556DCB2BAFB3510046D20A /* Profile */ = {
			isa = PBXGroup;
			children = (
				24556DC92BAFB34A0046D20A /* ProfileView.swift */,
			);
			path = Profile;
			sourceTree = "<group>";
		};
		246313E92B39639C004F2D28 /* Login */ = {
			isa = PBXGroup;
			children = (
				FA6BF19C2B3D173200C286FE /* Component */,
				246313EC2B3963B7004F2D28 /* LoginView.swift */,
				FA6BF1982B3D063000C286FE /* LoginViewModel.swift */,
				FA6BF19A2B3D160400C286FE /* LoginUiState.swift */,
			);
			path = Login;
			sourceTree = "<group>";
		};
		2492B3F02B47148D007AAA4E /* BankWebService */ = {
			isa = PBXGroup;
			children = (
				FA7C674C2B4BA250006B08D4 /* Modelo */,
				2492B3F12B47148D007AAA4E /* BankApi.swift */,
				24E82C462B49BCC80052EE51 /* ErrorResponse.swift */,
			);
			path = BankWebService;
			sourceTree = "<group>";
		};
		2492B3F32B4714ED007AAA4E /* Response */ = {
			isa = PBXGroup;
			children = (
				2492B3F42B471500007AAA4E /* LoginResponse.swift */,
				24E82C3D2B4771BD0052EE51 /* GetUserResponse.swift */,
				FA7C674D2B4BA33F006B08D4 /* ServiciosResponse.swift */,
				FA8C294D2B5A174700E5466E /* SuppliersResponse.swift */,
			);
			path = Response;
			sourceTree = "<group>";
		};
		24AA47702B41329B005852D2 /* ButtonStyle */ = {
			isa = PBXGroup;
			children = (
				24AA47712B4132B7005852D2 /* PrimaryButtonStyle.swift */,
			);
			path = ButtonStyle;
			sourceTree = "<group>";
		};
		24AA47732B41426B005852D2 /* CommonViews */ = {
			isa = PBXGroup;
			children = (
				24AA47742B41428B005852D2 /* CircularProgressView.swift */,
				24AA47762B41B2F2005852D2 /* SectionView.swift */,
			);
			path = CommonViews;
			sourceTree = "<group>";
		};
		24AA477A2B41E7F8005852D2 /* Extensions */ = {
			isa = PBXGroup;
			children = (
				24AA477D2B41E879005852D2 /* Views */,
			);
			path = Extensions;
			sourceTree = "<group>";
		};
		24AA477D2B41E879005852D2 /* Views */ = {
			isa = PBXGroup;
			children = (
				24AA477E2B41E8A7005852D2 /* View.swift */,
			);
			path = Views;
			sourceTree = "<group>";
		};
		24AA47802B41EA3D005852D2 /* ViewModifiers */ = {
			isa = PBXGroup;
			children = (
				24AA47782B41BBB3005852D2 /* SpinnerViewModifier.swift */,
				24AA47812B41EA6E005852D2 /* RenderIfModifier.swift */,
			);
			path = ViewModifiers;
			sourceTree = "<group>";
		};
		24AA47842B426A82005852D2 /* Server */ = {
			isa = PBXGroup;
			children = (
				24AA47852B426A82005852D2 /* Response */,
				24AA47882B426A82005852D2 /* db.json */,
				24AA50182B426A87005852D2 /* index.js */,
				24AA50192B426A87005852D2 /* .gitignore */,
				24AA501A2B426A87005852D2 /* package-lock.json */,
				24AA501B2B426A87005852D2 /* package.json */,
			);
			path = Server;
			sourceTree = "<group>";
		};
		24AA47852B426A82005852D2 /* Response */ = {
			isa = PBXGroup;
			children = (
				24AA47862B426A82005852D2 /* login_response_200_OK.json */,
			);
			path = Response;
			sourceTree = "<group>";
		};
		24D2A77D2B37AEFE00EDF389 /* Meta */ = {
			isa = PBXGroup;
			children = (
				24D2A7802B37AF4B00EDF389 /* Templates */,
				24D2A77E2B37AF0400EDF389 /* Configuration */,
			);
			path = Meta;
			sourceTree = "<group>";
		};
		24D2A77E2B37AF0400EDF389 /* Configuration */ = {
			isa = PBXGroup;
			children = (
				24D2A77F2B37AF1600EDF389 /* Sourcery.yml */,
			);
			path = Configuration;
			sourceTree = "<group>";
		};
		24D2A7802B37AF4B00EDF389 /* Templates */ = {
			isa = PBXGroup;
			children = (
				24D2A7822B37AF5E00EDF389 /* Core */,
				24D2A7812B37AF5100EDF389 /* ModelsMock */,
			);
			path = Templates;
			sourceTree = "<group>";
		};
		24D2A7812B37AF5100EDF389 /* ModelsMock */ = {
			isa = PBXGroup;
			children = (
				24D2A7832B37B07000EDF389 /* ModelsMock.swifttemplate */,
				24D2A7862B37B1EB00EDF389 /* ModelsMock.meta.swift */,
			);
			path = ModelsMock;
			sourceTree = "<group>";
		};
		24D2A7822B37AF5E00EDF389 /* Core */ = {
			isa = PBXGroup;
			children = (
				24D2A7842B37B0CA00EDF389 /* Core.meta.swift */,
				24D2A7852B37B18900EDF389 /* MockParameter.meta.swift */,
			);
			path = Core;
			sourceTree = "<group>";
		};
		24E82C432B49B2DF0052EE51 /* Request */ = {
			isa = PBXGroup;
			children = (
				24E82C442B49B2ED0052EE51 /* LoginRequest.swift */,
			);
			path = Request;
			sourceTree = "<group>";
		};
		FA01AFE72B576F4D00E5285D /* Servicios */ = {
			isa = PBXGroup;
			children = (
				FA5ADD8C2B3332ED00504EB0 /* ServiciosView.swift */,
			);
			path = Servicios;
			sourceTree = "<group>";
		};
		FA01AFE92B57711000E5285D /* OtrasCuentas */ = {
			isa = PBXGroup;
			children = (
				FA7734FD2B465A960032019B /* OtrasCuentasView.swift */,
			);
			path = OtrasCuentas;
			sourceTree = "<group>";
		};
		FA57BDDB2B2D2C830096CDAC /* Data */ = {
			isa = PBXGroup;
			children = (
				2418BC622B4B6E1C0004F40A /* DataBase */,
				2492B3F02B47148D007AAA4E /* BankWebService */,
				FA6A8DCE2B31250C002F76B0 /* Memoria */,
			);
			path = Data;
			sourceTree = "<group>";
		};
		FA57BDDC2B2D2C8A0096CDAC /* Domain */ = {
			isa = PBXGroup;
			children = (
				FA6A8DD22B312558002F76B0 /* Repository */,
				FA6A8DD12B312553002F76B0 /* Modelo */,
			);
			path = Domain;
			sourceTree = "<group>";
		};
		FA57BDDD2B2D2C960096CDAC /* Presentation */ = {
			isa = PBXGroup;
			children = (
				24556DCB2BAFB3510046D20A /* Profile */,
				FA587D552B62B51300601DBA /* TipoDePrestamo */,
				FA587D522B62B4BD00601DBA /* AgenciaSercana */,
				FA92B3D82B5ED5290062E5EF /* PagarServicioSheet */,
				FA8C294A2B59DF0000E5466E /* PagoServicio */,
				FA01AFE92B57711000E5285D /* OtrasCuentas */,
				FA66A53E2B32ADF0000B27E6 /* Prestamos */,
				FA01AFE72B576F4D00E5285D /* Servicios */,
				FA66A53D2B32ADC1000B27E6 /* Pagos */,
				246313E92B39639C004F2D28 /* Login */,
				FA5ADD882B3331D800504EB0 /* DetalleDeCuenta */,
				FA66A53F2B32ADFB000B27E6 /* ParaTi */,
				FA66A53C2B32ADB9000B27E6 /* Transferencia */,
				FA66A54C2B32AEF6000B27E6 /* Consultas */,
				FA6A8DCB2B31243A002F76B0 /* Principal */,
				FA6A8DC62B3121EC002F76B0 /* DocumentNumber */,
				FA9BDBDF2B30A7BE0037392B /* Register */,
				FA6A8DC02B311695002F76B0 /* Welcome */,
				FA57BDDF2B2D2CE50096CDAC /* Splash */,
			);
			path = Presentation;
			sourceTree = "<group>";
		};
		FA57BDDE2B2D2C9E0096CDAC /* App */ = {
			isa = PBXGroup;
			children = (
				241D984A2B3A0CA3007BD97D /* Root */,
				FACED48C2B2CB44A00B6BBC3 /* BankAppSwiftUIApp.swift */,
			);
			path = App;
			sourceTree = "<group>";
		};
		FA57BDDF2B2D2CE50096CDAC /* Splash */ = {
			isa = PBXGroup;
			children = (
				FA57BDE02B2D31C50096CDAC /* SplashView.swift */,
			);
			path = Splash;
			sourceTree = "<group>";
		};
		FA587D522B62B4BD00601DBA /* AgenciaSercana */ = {
			isa = PBXGroup;
			children = (
				FA587D532B62B4F500601DBA /* AgenciaSercanaView.swift */,
				FA5C43552B635E5D00B32D93 /* LocationManager.swift */,
			);
			path = AgenciaSercana;
			sourceTree = "<group>";
		};
		FA587D552B62B51300601DBA /* TipoDePrestamo */ = {
			isa = PBXGroup;
			children = (
				FA587D562B62B54100601DBA /* TipoPrestamo.swift */,
			);
			path = TipoDePrestamo;
			sourceTree = "<group>";
		};
		FA5ADD882B3331D800504EB0 /* DetalleDeCuenta */ = {
			isa = PBXGroup;
			children = (
				FA5ADD892B3331F700504EB0 /* DetalleDeCuentaView.swift */,
			);
			path = DetalleDeCuenta;
			sourceTree = "<group>";
		};
		FA66A53C2B32ADB9000B27E6 /* Transferencia */ = {
			isa = PBXGroup;
			children = (
				FA920DA72B46FE420066FA03 /* Components */,
				FA66A5442B32AE38000B27E6 /* TransferenciaView.swift */,
				FA920DAE2B4711370066FA03 /* TransferenciaAOtraCuentaRouter.swift */,
			);
			path = Transferencia;
			sourceTree = "<group>";
		};
		FA66A53D2B32ADC1000B27E6 /* Pagos */ = {
			isa = PBXGroup;
			children = (
				FA84E0312B4E101B00B675D6 /* Components */,
				FA66A5462B32AE45000B27E6 /* PagosView.swift */,
				FA7931C12B4CC42600E42AF2 /* PagosViewModel.swift */,
				FA7931C32B4CC8F100E42AF2 /* PagoUiState.swift */,
				FA01AFE52B576BDA00E5285D /* PagosRouter.swift */,
			);
			path = Pagos;
			sourceTree = "<group>";
		};
		FA66A53E2B32ADF0000B27E6 /* Prestamos */ = {
			isa = PBXGroup;
			children = (
				FA7B07502B47BE5F00DFDD96 /* Components */,
				FA66A5482B32AE4F000B27E6 /* PrestamosView.swift */,
				FA7B07572B47C63800DFDD96 /* PrestamosRouter.swift */,
			);
			path = Prestamos;
			sourceTree = "<group>";
		};
		FA66A53F2B32ADFB000B27E6 /* ParaTi */ = {
			isa = PBXGroup;
			children = (
				FA7B80CC2B69E13700517CA8 /* Components */,
				FA66A54A2B32AE5E000B27E6 /* ParaTiView.swift */,
				FA89ED772B6471EA004556B5 /* ParaTiRouter.swift */,
			);
			path = ParaTi;
			sourceTree = "<group>";
		};
		FA66A54C2B32AEF6000B27E6 /* Consultas */ = {
			isa = PBXGroup;
			children = (
				FA6FE0A62B3E407400DB1A02 /* Components */,
				FA6A97162B3F8C900004918D /* ConsultasRouter.swift */,
				FA66A54D2B32AF04000B27E6 /* ConsultasView.swift */,
				FA640EF22B3E7F95008428BF /* DetalleCuentaView.swift */,
			);
			path = Consultas;
			sourceTree = "<group>";
		};
		FA6A8DC02B311695002F76B0 /* Welcome */ = {
			isa = PBXGroup;
			children = (
				FA6F02D52B3533CF005CA79E /* Components */,
				FA6A8DC12B3116AA002F76B0 /* WelcomeView.swift */,
			);
			path = Welcome;
			sourceTree = "<group>";
		};
		FA6A8DC62B3121EC002F76B0 /* DocumentNumber */ = {
			isa = PBXGroup;
			children = (
				FA6A8DC92B31224D002F76B0 /* DocumentNumberView.swift */,
			);
			path = DocumentNumber;
			sourceTree = "<group>";
		};
		FA6A8DCB2B31243A002F76B0 /* Principal */ = {
			isa = PBXGroup;
			children = (
				2418BC572B4B3D100004F40A /* Component */,
				FA66A54F2B32AF39000B27E6 /* PrincipalView.swift */,
				24E82C3F2B47BE2E0052EE51 /* PrincipalViewModel.swift */,
				24E82C412B47C1670052EE51 /* PrincipalUiState.swift */,
			);
			path = Principal;
			sourceTree = "<group>";
		};
		FA6A8DCE2B31250C002F76B0 /* Memoria */ = {
			isa = PBXGroup;
			children = (
				FA6A8DD02B312538002F76B0 /* Modelos */,
				FA6BF1922B3CFB8400C286FE /* MemoriaLogin.swift */,
			);
			path = Memoria;
			sourceTree = "<group>";
		};
		FA6A8DD02B312538002F76B0 /* Modelos */ = {
			isa = PBXGroup;
			children = (
				FA6BF1902B3CFAE100C286FE /* LoginData.swift */,
			);
			path = Modelos;
			sourceTree = "<group>";
		};
		FA6A8DD12B312553002F76B0 /* Modelo */ = {
			isa = PBXGroup;
			children = (
				FA6F02C32B352F9E005CA79E /* User.swift */,
				FA6BF1942B3D015000C286FE /* Login.swift */,
				2492B3F62B471653007AAA4E /* Authentication.swift */,
				FA7931BF2B4CC00100E42AF2 /* Servicio.swift */,
				FA8C29512B5A1A9800E5466E /* Supplier.swift */,
			);
			path = Modelo;
			sourceTree = "<group>";
		};
		FA6A8DD22B312558002F76B0 /* Repository */ = {
			isa = PBXGroup;
			children = (
				FA6BF1962B3D01CE00C286FE /* LoginRepository.swift */,
				FA7C67512B4BA7E1006B08D4 /* ServicesRepository.swift */,
				FA8C294F2B5A1A8900E5466E /* SupplierRepository.swift */,
			);
			path = Repository;
			sourceTree = "<group>";
		};
		FA6A8DD32B312583002F76B0 /* Core */ = {
			isa = PBXGroup;
			children = (
				24AA47802B41EA3D005852D2 /* ViewModifiers */,
				24AA477A2B41E7F8005852D2 /* Extensions */,
				24AA47732B41426B005852D2 /* CommonViews */,
				24AA47702B41329B005852D2 /* ButtonStyle */,
				FA6F02C92B35304E005CA79E /* prueba4.swift */,
				FA5EFD2E2B3C6D3900258AF4 /* UbicanosYLlamanosComponent.swift */,
			);
			path = Core;
			sourceTree = "<group>";
		};
		FA6A8DD42B312FE7002F76B0 /* Resources */ = {
			isa = PBXGroup;
			children = (
				FA6FC17C2B3526050088A87F /* Fonts */,
				FA6DFA692B33C8240023295F /* JSON */,
				FA6A8DD72B3132DA002F76B0 /* Assets */,
				24D2A76E2B35F10000EDF389 /* Localizable.strings */,
			);
			path = Resources;
			sourceTree = "<group>";
		};
		FA6A8DD72B3132DA002F76B0 /* Assets */ = {
			isa = PBXGroup;
			children = (
				FA6A8DD52B313170002F76B0 /* Colores.xcassets */,
				FACED4902B2CB44B00B6BBC3 /* Imagenes.xcassets */,
			);
			path = Assets;
			sourceTree = "<group>";
		};
		FA6A97152B3F8C490004918D /* Principal */ = {
			isa = PBXGroup;
			children = (
				241D98452B3A0BED007BD97D /* PrincipalRootView.swift */,
			);
			path = Principal;
			sourceTree = "<group>";
		};
		FA6BF19C2B3D173200C286FE /* Component */ = {
			isa = PBXGroup;
			children = (
				FA6BF19D2B3D175000C286FE /* LoginButton.swift */,
			);
			path = Component;
			sourceTree = "<group>";
		};
		FA6DFA692B33C8240023295F /* JSON */ = {
			isa = PBXGroup;
			children = (
				FA6DFA6A2B33C8590023295F /* UserResponse.json */,
			);
			path = JSON;
			sourceTree = "<group>";
		};
		FA6DFA6D2B33CD990023295F /* Generated */ = {
			isa = PBXGroup;
			children = (
				FABC4F752B35411C00AB0B13 /* Fonts.swift */,
				FA6DFA6E2B33CDD60023295F /* Assets.swift */,
				FA6DFA702B33CDD60023295F /* JSON.swift */,
				FA6DFA712B33CDD60023295F /* Strings.swift */,
			);
			path = Generated;
			sourceTree = "<group>";
		};
		FA6F02D12B35331A005CA79E /* Recovered References */ = {
			isa = PBXGroup;
			children = (
			);
			name = "Recovered References";
			sourceTree = "<group>";
		};
		FA6F02D52B3533CF005CA79E /* Components */ = {
			isa = PBXGroup;
			children = (
				FA6F02DE2B353706005CA79E /* NextButtonView.swift */,
				246313DE2B38D601004F2D28 /* RegisterSheetView.swift */,
			);
			path = Components;
			sourceTree = "<group>";
		};
		FA6FC1782B34F66D0088A87F /* Components */ = {
			isa = PBXGroup;
			children = (
				FA6FC17A2B351E590088A87F /* TomaFotoView.swift */,
			);
			path = Components;
			sourceTree = "<group>";
		};
		FA6FC17C2B3526050088A87F /* Fonts */ = {
			isa = PBXGroup;
			children = (
				FA6FC1952B35270B0088A87F /* Inter-Black.ttf */,
				FA6FC1992B35270B0088A87F /* Inter-Bold.ttf */,
				FA6FC1962B35270B0088A87F /* Inter-ExtraBold.ttf */,
				FA6FC1942B35270B0088A87F /* Inter-ExtraLight.ttf */,
				FA6FC1982B35270B0088A87F /* Inter-Light.ttf */,
				FA6FC1912B35270B0088A87F /* Inter-Medium.ttf */,
				FA6FC1922B35270B0088A87F /* Inter-Regular.ttf */,
				FA6FC1932B35270B0088A87F /* Inter-SemiBold.ttf */,
				FA6FC1972B35270B0088A87F /* Inter-Thin.ttf */,
			);
			path = Fonts;
			sourceTree = "<group>";
		};
		FA6FE0A62B3E407400DB1A02 /* Components */ = {
			isa = PBXGroup;
			children = (
				FA6FE0A72B3E409D00DB1A02 /* TicketMonto.swift */,
				FA8823892B3F1CBC00E1FABD /* TicketAhorro.swift */,
				FA6A97132B3F82190004918D /* TicketCuentaYInterbancaria.swift */,
				FA6A97182B3FDE990004918D /* TicketSinMovimiento.swift */,
				FA7BB2D62B40A770005B1375 /* ConsultaSheetView.swift */,
			);
			path = Components;
			sourceTree = "<group>";
		};
		FA7B07502B47BE5F00DFDD96 /* Components */ = {
			isa = PBXGroup;
			children = (
				FA7B07512B47BE8300DFDD96 /* agenciaSercanaView.swift */,
				FA7B07532B47BE9100DFDD96 /* tipoDePrestamoView.swift */,
			);
			path = Components;
			sourceTree = "<group>";
		};
		FA7B80CC2B69E13700517CA8 /* Components */ = {
			isa = PBXGroup;
			children = (
				FA7B80CD2B69E23700517CA8 /* AhorrarCeldaView.swift */,
				FA7BAA572B6C1ED500B49752 /* SeguroCeldaView.swift */,
				FA7BAA592B6C1EE600B49752 /* VenderMasCeldaView.swift */,
			);
			path = Components;
			sourceTree = "<group>";
		};
		FA7C674C2B4BA250006B08D4 /* Modelo */ = {
			isa = PBXGroup;
			children = (
				2492B3F32B4714ED007AAA4E /* Response */,
				24E82C432B49B2DF0052EE51 /* Request */,
			);
			path = Modelo;
			sourceTree = "<group>";
		};
		FA84E0312B4E101B00B675D6 /* Components */ = {
			isa = PBXGroup;
			children = (
				FA84E0322B4E106D00B675D6 /* PagosWebView.swift */,
				FA84E0342B4E18E500B675D6 /* PagosDeServicioView.swift */,
			);
			path = Components;
			sourceTree = "<group>";
		};
		FA8C294A2B59DF0000E5466E /* PagoServicio */ = {
			isa = PBXGroup;
			children = (
				FA8C294B2B59DF2D00E5466E /* PagarServicioView.swift */,
				FA8C29532B5A2C2C00E5466E /* PagarServicioViewModel.swift */,
				FA8C29552B5A30B300E5466E /* PagarServicioUiState.swift */,
			);
			path = PagoServicio;
			sourceTree = "<group>";
		};
		FA920DA72B46FE420066FA03 /* Components */ = {
			isa = PBXGroup;
			children = (
				FA920DA82B46FFD10066FA03 /* AlertAceptView.swift */,
			);
			path = Components;
			sourceTree = "<group>";
		};
		FA92B3D82B5ED5290062E5EF /* PagarServicioSheet */ = {
			isa = PBXGroup;
			children = (
				FA888FEC2B5B713F00878134 /* PagarServicioSheetView.swift */,
			);
			path = PagarServicioSheet;
			sourceTree = "<group>";
		};
		FA9BDBDF2B30A7BE0037392B /* Register */ = {
			isa = PBXGroup;
			children = (
				FA6FC1782B34F66D0088A87F /* Components */,
				FA9BDBE22B30A8320037392B /* RegisterView.swift */,
			);
			path = Register;
			sourceTree = "<group>";
		};
		FACED4802B2CB44A00B6BBC3 = {
			isa = PBXGroup;
			children = (
				240FF9A92BB27347007C7631 /* Screenshots */,
				24AA47842B426A82005852D2 /* Server */,
				24D2A77D2B37AEFE00EDF389 /* Meta */,
				24D2A7732B37920500EDF389 /* .swiftlint.yml */,
				24D2A7702B35F75D00EDF389 /* README.md */,
				FACED4BC2B2CBE7200B6BBC3 /* .gitignore */,
				FA6A8DF32B313D2E002F76B0 /* swiftgen.yml */,
				FACED48B2B2CB44A00B6BBC3 /* BankAppSwiftUI */,
				FACED4A12B2CB44B00B6BBC3 /* BankAppSwiftUITests */,
				FACED4AB2B2CB44B00B6BBC3 /* BankAppSwiftUIUITests */,
				FACED48A2B2CB44A00B6BBC3 /* Products */,
				FA6F02D12B35331A005CA79E /* Recovered References */,
			);
			sourceTree = "<group>";
		};
		FACED48A2B2CB44A00B6BBC3 /* Products */ = {
			isa = PBXGroup;
			children = (
				FACED4892B2CB44A00B6BBC3 /* BankAppSwiftUI.app */,
				FACED49E2B2CB44B00B6BBC3 /* BankAppSwiftUITests.xctest */,
				FACED4A82B2CB44B00B6BBC3 /* BankAppSwiftUIUITests.xctest */,
			);
			name = Products;
			sourceTree = "<group>";
		};
		FACED48B2B2CB44A00B6BBC3 /* BankAppSwiftUI */ = {
			isa = PBXGroup;
			children = (
				FA6DFA6D2B33CD990023295F /* Generated */,
				FA6A8DEF2B31399F002F76B0 /* Info.plist */,
				FA6A8DD42B312FE7002F76B0 /* Resources */,
				FA57BDDE2B2D2C9E0096CDAC /* App */,
				FA6A8DD32B312583002F76B0 /* Core */,
				FA57BDDD2B2D2C960096CDAC /* Presentation */,
				FA57BDDC2B2D2C8A0096CDAC /* Domain */,
				FA57BDDB2B2D2C830096CDAC /* Data */,
				FACED4922B2CB44B00B6BBC3 /* Preview Content */,
			);
			path = BankAppSwiftUI;
			sourceTree = "<group>";
		};
		FACED4922B2CB44B00B6BBC3 /* Preview Content */ = {
			isa = PBXGroup;
			children = (
				FACED4932B2CB44B00B6BBC3 /* Preview Assets.xcassets */,
			);
			path = "Preview Content";
			sourceTree = "<group>";
		};
		FACED4A12B2CB44B00B6BBC3 /* BankAppSwiftUITests */ = {
			isa = PBXGroup;
			children = (
				24D2A7872B37B7A800EDF389 /* BankAppSwiftUIModels+mock.swift */,
				FACED4A22B2CB44B00B6BBC3 /* BankAppSwiftUITests.swift */,
			);
			path = BankAppSwiftUITests;
			sourceTree = "<group>";
		};
		FACED4AB2B2CB44B00B6BBC3 /* BankAppSwiftUIUITests */ = {
			isa = PBXGroup;
			children = (
				FACED4AC2B2CB44B00B6BBC3 /* BankAppSwiftUIUITests.swift */,
				FACED4AE2B2CB44B00B6BBC3 /* BankAppSwiftUIUITestsLaunchTests.swift */,
			);
			path = BankAppSwiftUIUITests;
			sourceTree = "<group>";
		};
/* End PBXGroup section */

/* Begin PBXNativeTarget section */
		FACED4882B2CB44A00B6BBC3 /* BankAppSwiftUI */ = {
			isa = PBXNativeTarget;
			buildConfigurationList = FACED4B22B2CB44B00B6BBC3 /* Build configuration list for PBXNativeTarget "BankAppSwiftUI" */;
			buildPhases = (
				FACED4852B2CB44A00B6BBC3 /* Sources */,
				FACED4862B2CB44A00B6BBC3 /* Frameworks */,
				FACED4872B2CB44A00B6BBC3 /* Resources */,
				24D2A7712B35F82700EDF389 /* SwiftGen Run Script */,
				24D2A7722B3790E600EDF389 /* Swift Lint */,
				24D2A77C2B37AE7B00EDF389 /* Sourcery */,
			);
			buildRules = (
			);
			dependencies = (
			);
			name = BankAppSwiftUI;
			packageProductDependencies = (
				24D2A7772B37A92800EDF389 /* netfox */,
				24D2A77A2B37ACBA00EDF389 /* ShowTime */,
				2418BC5D2B4B5B740004F40A /* GRDB */,
			);
			productName = BankAppSwiftUI;
			productReference = FACED4892B2CB44A00B6BBC3 /* BankAppSwiftUI.app */;
			productType = "com.apple.product-type.application";
		};
		FACED49D2B2CB44B00B6BBC3 /* BankAppSwiftUITests */ = {
			isa = PBXNativeTarget;
			buildConfigurationList = FACED4B52B2CB44B00B6BBC3 /* Build configuration list for PBXNativeTarget "BankAppSwiftUITests" */;
			buildPhases = (
				FACED49A2B2CB44B00B6BBC3 /* Sources */,
				FACED49B2B2CB44B00B6BBC3 /* Frameworks */,
				FACED49C2B2CB44B00B6BBC3 /* Resources */,
			);
			buildRules = (
			);
			dependencies = (
				FACED4A02B2CB44B00B6BBC3 /* PBXTargetDependency */,
			);
			name = BankAppSwiftUITests;
			productName = BankAppSwiftUITests;
			productReference = FACED49E2B2CB44B00B6BBC3 /* BankAppSwiftUITests.xctest */;
			productType = "com.apple.product-type.bundle.unit-test";
		};
		FACED4A72B2CB44B00B6BBC3 /* BankAppSwiftUIUITests */ = {
			isa = PBXNativeTarget;
			buildConfigurationList = FACED4B82B2CB44B00B6BBC3 /* Build configuration list for PBXNativeTarget "BankAppSwiftUIUITests" */;
			buildPhases = (
				FACED4A42B2CB44B00B6BBC3 /* Sources */,
				FACED4A52B2CB44B00B6BBC3 /* Frameworks */,
				FACED4A62B2CB44B00B6BBC3 /* Resources */,
			);
			buildRules = (
			);
			dependencies = (
				FACED4AA2B2CB44B00B6BBC3 /* PBXTargetDependency */,
			);
			name = BankAppSwiftUIUITests;
			productName = BankAppSwiftUIUITests;
			productReference = FACED4A82B2CB44B00B6BBC3 /* BankAppSwiftUIUITests.xctest */;
			productType = "com.apple.product-type.bundle.ui-testing";
		};
/* End PBXNativeTarget section */

/* Begin PBXProject section */
		FACED4812B2CB44A00B6BBC3 /* Project object */ = {
			isa = PBXProject;
			attributes = {
				BuildIndependentTargetsInParallel = 1;
				LastSwiftUpdateCheck = 1500;
				LastUpgradeCheck = 1500;
				TargetAttributes = {
					FACED4882B2CB44A00B6BBC3 = {
						CreatedOnToolsVersion = 15.0.1;
					};
					FACED49D2B2CB44B00B6BBC3 = {
						CreatedOnToolsVersion = 15.0.1;
						TestTargetID = FACED4882B2CB44A00B6BBC3;
					};
					FACED4A72B2CB44B00B6BBC3 = {
						CreatedOnToolsVersion = 15.0.1;
						TestTargetID = FACED4882B2CB44A00B6BBC3;
					};
				};
			};
			buildConfigurationList = FACED4842B2CB44A00B6BBC3 /* Build configuration list for PBXProject "BankAppSwiftUI" */;
			compatibilityVersion = "Xcode 14.0";
			developmentRegion = en;
			hasScannedForEncodings = 0;
			knownRegions = (
				en,
				Base,
				"es-419",
			);
			mainGroup = FACED4802B2CB44A00B6BBC3;
			packageReferences = (
				24D2A7762B37A92800EDF389 /* XCRemoteSwiftPackageReference "netfox" */,
				24D2A7792B37ACBA00EDF389 /* XCRemoteSwiftPackageReference "ShowTime" */,
				2418BC5C2B4B5B740004F40A /* XCRemoteSwiftPackageReference "GRDB" */,
			);
			productRefGroup = FACED48A2B2CB44A00B6BBC3 /* Products */;
			projectDirPath = "";
			projectRoot = "";
			targets = (
				FACED4882B2CB44A00B6BBC3 /* BankAppSwiftUI */,
				FACED49D2B2CB44B00B6BBC3 /* BankAppSwiftUITests */,
				FACED4A72B2CB44B00B6BBC3 /* BankAppSwiftUIUITests */,
			);
		};
/* End PBXProject section */

/* Begin PBXResourcesBuildPhase section */
		FACED4872B2CB44A00B6BBC3 /* Resources */ = {
			isa = PBXResourcesBuildPhase;
			buildActionMask = 2147483647;
			files = (
				FA6A8DD62B313170002F76B0 /* Colores.xcassets in Resources */,
				FA6FC1A12B35270B0088A87F /* Inter-Light.ttf in Resources */,
				FA6A8DF42B313D2E002F76B0 /* swiftgen.yml in Resources */,
				FACED4942B2CB44B00B6BBC3 /* Preview Assets.xcassets in Resources */,
				FACED4912B2CB44B00B6BBC3 /* Imagenes.xcassets in Resources */,
				FA6FC19E2B35270B0088A87F /* Inter-Black.ttf in Resources */,
				FA6FC19D2B35270B0088A87F /* Inter-ExtraLight.ttf in Resources */,
				FA6FC19C2B35270B0088A87F /* Inter-SemiBold.ttf in Resources */,
				FA6FC19A2B35270B0088A87F /* Inter-Medium.ttf in Resources */,
				FA6FC1A02B35270B0088A87F /* Inter-Thin.ttf in Resources */,
				24D2A76C2B35F10000EDF389 /* Localizable.strings in Resources */,
				FA6FC1A22B35270B0088A87F /* Inter-Bold.ttf in Resources */,
				FA6FC19F2B35270B0088A87F /* Inter-ExtraBold.ttf in Resources */,
				FA6FC19B2B35270B0088A87F /* Inter-Regular.ttf in Resources */,
				FA6DFA6B2B33C8590023295F /* UserResponse.json in Resources */,
			);
			runOnlyForDeploymentPostprocessing = 0;
		};
		FACED49C2B2CB44B00B6BBC3 /* Resources */ = {
			isa = PBXResourcesBuildPhase;
			buildActionMask = 2147483647;
			files = (
			);
			runOnlyForDeploymentPostprocessing = 0;
		};
		FACED4A62B2CB44B00B6BBC3 /* Resources */ = {
			isa = PBXResourcesBuildPhase;
			buildActionMask = 2147483647;
			files = (
			);
			runOnlyForDeploymentPostprocessing = 0;
		};
/* End PBXResourcesBuildPhase section */

/* Begin PBXShellScriptBuildPhase section */
		24D2A7712B35F82700EDF389 /* SwiftGen Run Script */ = {
			isa = PBXShellScriptBuildPhase;
			buildActionMask = 2147483647;
			files = (
			);
			inputFileListPaths = (
			);
			inputPaths = (
			);
			name = "SwiftGen Run Script";
			outputFileListPaths = (
			);
			outputPaths = (
			);
			runOnlyForDeploymentPostprocessing = 0;
			shellPath = /bin/sh;
			shellScript = "# Type a script or drag a script file from your workspace to insert its path.\n# swiftgen\n";
		};
		24D2A7722B3790E600EDF389 /* Swift Lint */ = {
			isa = PBXShellScriptBuildPhase;
			buildActionMask = 2147483647;
			files = (
			);
			inputFileListPaths = (
			);
			inputPaths = (
			);
			name = "Swift Lint";
			outputFileListPaths = (
			);
			outputPaths = (
			);
			runOnlyForDeploymentPostprocessing = 0;
			shellPath = /bin/sh;
			shellScript = "# Type a script or drag a script file from your workspace to insert its path.\nif test -d \"/opt/homebrew/bin/\"; then\n  PATH=\"/opt/homebrew/bin/:${PATH}\"\nfi\n\nexport PATH\n\nif which swiftlint >/dev/null; then\n  swiftlint\nelse\n  echo \"warning: SwiftLint not installed, download from https://github.com/realm/SwiftLint\"\nfi\n";
		};
		24D2A77C2B37AE7B00EDF389 /* Sourcery */ = {
			isa = PBXShellScriptBuildPhase;
			buildActionMask = 2147483647;
			files = (
			);
			inputFileListPaths = (
			);
			inputPaths = (
			);
			name = Sourcery;
			outputFileListPaths = (
			);
			outputPaths = (
			);
			runOnlyForDeploymentPostprocessing = 0;
			shellPath = /bin/sh;
			shellScript = "# Type a script or drag a script file from your workspace to insert its path.\n#!/bin/bash\n#if [ \"${CONFIGURATION}\" != \"Release\" ]; then\n #   sourcery --config \"${PROJECT_DIR}/Meta/Configuration/Sourcery.yml\" --prune\n#fi\n";
		};
/* End PBXShellScriptBuildPhase section */

/* Begin PBXSourcesBuildPhase section */
		FACED4852B2CB44A00B6BBC3 /* Sources */ = {
			isa = PBXSourcesBuildPhase;
			buildActionMask = 2147483647;
			files = (
				FA66A5502B32AF39000B27E6 /* PrincipalView.swift in Sources */,
				2418BC672B4B6E1C0004F40A /* BankGRDB.swift in Sources */,
				FA6FC17B2B351E590088A87F /* TomaFotoView.swift in Sources */,
				24AA47822B41EA6E005852D2 /* RenderIfModifier.swift in Sources */,
				FA7B07522B47BE8300DFDD96 /* agenciaSercanaView.swift in Sources */,
				FA66A5452B32AE38000B27E6 /* TransferenciaView.swift in Sources */,
				FA6BF1972B3D01CE00C286FE /* LoginRepository.swift in Sources */,
				24E82C422B47C1670052EE51 /* PrincipalUiState.swift in Sources */,
				FA6A97192B3FDE990004918D /* TicketSinMovimiento.swift in Sources */,
				246313DF2B38D601004F2D28 /* RegisterSheetView.swift in Sources */,
				2492B3F52B471500007AAA4E /* LoginResponse.swift in Sources */,
				FA01AFE62B576BDA00E5285D /* PagosRouter.swift in Sources */,
				24AA47772B41B2F2005852D2 /* SectionView.swift in Sources */,
				FA7734FE2B465A960032019B /* OtrasCuentasView.swift in Sources */,
				246313E12B38EB19004F2D28 /* AuthenticationRootView.swift in Sources */,
				FA6DFA752B33CDD60023295F /* Strings.swift in Sources */,
				2418BC662B4B6E1C0004F40A /* UsuarioEntity.swift in Sources */,
				24AA47792B41BBB3005852D2 /* SpinnerViewModifier.swift in Sources */,
				24E82C452B49B2ED0052EE51 /* LoginRequest.swift in Sources */,
				FA6F02CA2B35304E005CA79E /* prueba4.swift in Sources */,
				FA6A8DC22B3116AA002F76B0 /* WelcomeView.swift in Sources */,
				FA7BAA5A2B6C1EE600B49752 /* VenderMasCeldaView.swift in Sources */,
				FA8C294C2B59DF2D00E5466E /* PagarServicioView.swift in Sources */,
				FA6A97142B3F82190004918D /* TicketCuentaYInterbancaria.swift in Sources */,
				FA7BB2D72B40A770005B1375 /* ConsultaSheetView.swift in Sources */,
				FA84E0352B4E18E500B675D6 /* PagosDeServicioView.swift in Sources */,
				FA84E0332B4E106D00B675D6 /* PagosWebView.swift in Sources */,
				246313EF2B39F8FF004F2D28 /* AuthenticationRouter.swift in Sources */,
				24E82C402B47BE2E0052EE51 /* PrincipalViewModel.swift in Sources */,
				FA57BDE12B2D31C50096CDAC /* SplashView.swift in Sources */,
				FA6BF19B2B3D160400C286FE /* LoginUiState.swift in Sources */,
				24AA47752B41428B005852D2 /* CircularProgressView.swift in Sources */,
				24E82C472B49BCC80052EE51 /* ErrorResponse.swift in Sources */,
				FA5EFD2F2B3C6D3900258AF4 /* UbicanosYLlamanosComponent.swift in Sources */,
				FA6FE0A82B3E409D00DB1A02 /* TicketMonto.swift in Sources */,
				FA8C29542B5A2C2C00E5466E /* PagarServicioViewModel.swift in Sources */,
				FA7931C42B4CC8F100E42AF2 /* PagoUiState.swift in Sources */,
				241D98492B3A0C56007BD97D /* SplashRootView.swift in Sources */,
				2492B3F22B47148D007AAA4E /* BankApi.swift in Sources */,
				24E82C3E2B4771BD0052EE51 /* GetUserResponse.swift in Sources */,
				FA640EF32B3E7F95008428BF /* DetalleCuentaView.swift in Sources */,
				FA88238A2B3F1CBC00E1FABD /* TicketAhorro.swift in Sources */,
				FA7C67522B4BA7E1006B08D4 /* ServicesRepository.swift in Sources */,
				FA5ADD8D2B3332ED00504EB0 /* ServiciosView.swift in Sources */,
				FA7B80CE2B69E23700517CA8 /* AhorrarCeldaView.swift in Sources */,
				FA8C29562B5A30B300E5466E /* PagarServicioUiState.swift in Sources */,
				FA7931C22B4CC42600E42AF2 /* PagosViewModel.swift in Sources */,
				FA89ED782B6471EA004556B5 /* ParaTiRouter.swift in Sources */,
				FA6A8DCA2B31224D002F76B0 /* DocumentNumberView.swift in Sources */,
				FA5C43562B635E5D00B32D93 /* LocationManager.swift in Sources */,
				FA6DFA722B33CDD60023295F /* Assets.swift in Sources */,
				FA7931C02B4CC00100E42AF2 /* Servicio.swift in Sources */,
				FA6A97172B3F8C900004918D /* ConsultasRouter.swift in Sources */,
				FA7B07582B47C63800DFDD96 /* PrestamosRouter.swift in Sources */,
				FA7B07542B47BE9100DFDD96 /* tipoDePrestamoView.swift in Sources */,
				FA6BF1952B3D015000C286FE /* Login.swift in Sources */,
				FA6BF1912B3CFAE100C286FE /* LoginData.swift in Sources */,
				241D98442B3A05A5007BD97D /* AppRootManager.swift in Sources */,
				FA9BDBE32B30A8320037392B /* RegisterView.swift in Sources */,
				FA6DFA742B33CDD60023295F /* JSON.swift in Sources */,
				2492B3F72B471653007AAA4E /* Authentication.swift in Sources */,
				FA66A5492B32AE4F000B27E6 /* PrestamosView.swift in Sources */,
				FA7C674E2B4BA33F006B08D4 /* ServiciosResponse.swift in Sources */,
				FA6F02DF2B353706005CA79E /* NextButtonView.swift in Sources */,
				2418BC5B2B4B45500004F40A /* TextToolbarContent.swift in Sources */,
				2418BC592B4B3D600004F40A /* ImageToolbarContent.swift in Sources */,
				FA6BF1932B3CFB8400C286FE /* MemoriaLogin.swift in Sources */,
				FA6BF19E2B3D175000C286FE /* LoginButton.swift in Sources */,
				FA920DAF2B4711370066FA03 /* TransferenciaAOtraCuentaRouter.swift in Sources */,
				24AA47722B4132B7005852D2 /* PrimaryButtonStyle.swift in Sources */,
				FA66A54E2B32AF04000B27E6 /* ConsultasView.swift in Sources */,
				FA587D542B62B4F500601DBA /* AgenciaSercanaView.swift in Sources */,
				FA66A54B2B32AE5E000B27E6 /* ParaTiView.swift in Sources */,
				FACED48D2B2CB44A00B6BBC3 /* BankAppSwiftUIApp.swift in Sources */,
				FA7BAA582B6C1ED500B49752 /* SeguroCeldaView.swift in Sources */,
				FA888FED2B5B713F00878134 /* PagarServicioSheetView.swift in Sources */,
				FA6BF1992B3D063000C286FE /* LoginViewModel.swift in Sources */,
				FA587D572B62B54100601DBA /* TipoPrestamo.swift in Sources */,
				24AA477F2B41E8A7005852D2 /* View.swift in Sources */,
				FA920DA92B46FFD10066FA03 /* AlertAceptView.swift in Sources */,
				FA66A5472B32AE45000B27E6 /* PagosView.swift in Sources */,
				FA8C294E2B5A174700E5466E /* SuppliersResponse.swift in Sources */,
				24556DCA2BAFB34A0046D20A /* ProfileView.swift in Sources */,
				241D98462B3A0BED007BD97D /* PrincipalRootView.swift in Sources */,
				FA6F02C42B352F9E005CA79E /* User.swift in Sources */,
				246313ED2B3963B7004F2D28 /* LoginView.swift in Sources */,
				FA8C29502B5A1A8900E5466E /* SupplierRepository.swift in Sources */,
				FA8C29522B5A1A9800E5466E /* Supplier.swift in Sources */,
				FA5ADD8A2B3331F700504EB0 /* DetalleDeCuentaView.swift in Sources */,
				FABC4F762B35411C00AB0B13 /* Fonts.swift in Sources */,
			);
			runOnlyForDeploymentPostprocessing = 0;
		};
		FACED49A2B2CB44B00B6BBC3 /* Sources */ = {
			isa = PBXSourcesBuildPhase;
			buildActionMask = 2147483647;
			files = (
				FACED4A32B2CB44B00B6BBC3 /* BankAppSwiftUITests.swift in Sources */,
				24D2A7882B37B7A800EDF389 /* BankAppSwiftUIModels+mock.swift in Sources */,
			);
			runOnlyForDeploymentPostprocessing = 0;
		};
		FACED4A42B2CB44B00B6BBC3 /* Sources */ = {
			isa = PBXSourcesBuildPhase;
			buildActionMask = 2147483647;
			files = (
				FACED4AF2B2CB44B00B6BBC3 /* BankAppSwiftUIUITestsLaunchTests.swift in Sources */,
				FACED4AD2B2CB44B00B6BBC3 /* BankAppSwiftUIUITests.swift in Sources */,
			);
			runOnlyForDeploymentPostprocessing = 0;
		};
/* End PBXSourcesBuildPhase section */

/* Begin PBXTargetDependency section */
		FACED4A02B2CB44B00B6BBC3 /* PBXTargetDependency */ = {
			isa = PBXTargetDependency;
			target = FACED4882B2CB44A00B6BBC3 /* BankAppSwiftUI */;
			targetProxy = FACED49F2B2CB44B00B6BBC3 /* PBXContainerItemProxy */;
		};
		FACED4AA2B2CB44B00B6BBC3 /* PBXTargetDependency */ = {
			isa = PBXTargetDependency;
			target = FACED4882B2CB44A00B6BBC3 /* BankAppSwiftUI */;
			targetProxy = FACED4A92B2CB44B00B6BBC3 /* PBXContainerItemProxy */;
		};
/* End PBXTargetDependency section */

/* Begin PBXVariantGroup section */
		24D2A76E2B35F10000EDF389 /* Localizable.strings */ = {
			isa = PBXVariantGroup;
			children = (
				24D2A76D2B35F10000EDF389 /* en */,
				24D2A76F2B35F10400EDF389 /* es-419 */,
			);
			name = Localizable.strings;
			sourceTree = "<group>";
		};
/* End PBXVariantGroup section */

/* Begin XCBuildConfiguration section */
		FACED4B02B2CB44B00B6BBC3 /* Debug */ = {
			isa = XCBuildConfiguration;
			buildSettings = {
				ALWAYS_SEARCH_USER_PATHS = NO;
				ASSETCATALOG_COMPILER_GENERATE_SWIFT_ASSET_SYMBOL_EXTENSIONS = YES;
				CLANG_ANALYZER_LOCALIZABILITY_NONLOCALIZED = YES;
				CLANG_ANALYZER_NONNULL = YES;
				CLANG_ANALYZER_NUMBER_OBJECT_CONVERSION = YES_AGGRESSIVE;
				CLANG_CXX_LANGUAGE_STANDARD = "gnu++20";
				CLANG_ENABLE_MODULES = YES;
				CLANG_ENABLE_OBJC_ARC = YES;
				CLANG_ENABLE_OBJC_WEAK = YES;
				CLANG_WARN_BLOCK_CAPTURE_AUTORELEASING = YES;
				CLANG_WARN_BOOL_CONVERSION = YES;
				CLANG_WARN_COMMA = YES;
				CLANG_WARN_CONSTANT_CONVERSION = YES;
				CLANG_WARN_DEPRECATED_OBJC_IMPLEMENTATIONS = YES;
				CLANG_WARN_DIRECT_OBJC_ISA_USAGE = YES_ERROR;
				CLANG_WARN_DOCUMENTATION_COMMENTS = YES;
				CLANG_WARN_EMPTY_BODY = YES;
				CLANG_WARN_ENUM_CONVERSION = YES;
				CLANG_WARN_INFINITE_RECURSION = YES;
				CLANG_WARN_INT_CONVERSION = YES;
				CLANG_WARN_NON_LITERAL_NULL_CONVERSION = YES;
				CLANG_WARN_OBJC_IMPLICIT_RETAIN_SELF = YES;
				CLANG_WARN_OBJC_LITERAL_CONVERSION = YES;
				CLANG_WARN_OBJC_ROOT_CLASS = YES_ERROR;
				CLANG_WARN_QUOTED_INCLUDE_IN_FRAMEWORK_HEADER = YES;
				CLANG_WARN_RANGE_LOOP_ANALYSIS = YES;
				CLANG_WARN_STRICT_PROTOTYPES = YES;
				CLANG_WARN_SUSPICIOUS_MOVE = YES;
				CLANG_WARN_UNGUARDED_AVAILABILITY = YES_AGGRESSIVE;
				CLANG_WARN_UNREACHABLE_CODE = YES;
				CLANG_WARN__DUPLICATE_METHOD_MATCH = YES;
				COPY_PHASE_STRIP = NO;
				DEBUG_INFORMATION_FORMAT = dwarf;
				ENABLE_STRICT_OBJC_MSGSEND = YES;
				ENABLE_TESTABILITY = YES;
				ENABLE_USER_SCRIPT_SANDBOXING = YES;
				GCC_C_LANGUAGE_STANDARD = gnu17;
				GCC_DYNAMIC_NO_PIC = NO;
				GCC_NO_COMMON_BLOCKS = YES;
				GCC_OPTIMIZATION_LEVEL = 0;
				GCC_PREPROCESSOR_DEFINITIONS = (
					"DEBUG=1",
					"$(inherited)",
				);
				GCC_WARN_64_TO_32_BIT_CONVERSION = YES;
				GCC_WARN_ABOUT_RETURN_TYPE = YES_ERROR;
				GCC_WARN_UNDECLARED_SELECTOR = YES;
				GCC_WARN_UNINITIALIZED_AUTOS = YES_AGGRESSIVE;
				GCC_WARN_UNUSED_FUNCTION = YES;
				GCC_WARN_UNUSED_VARIABLE = YES;
				IPHONEOS_DEPLOYMENT_TARGET = 16.0;
				LOCALIZATION_PREFERS_STRING_CATALOGS = YES;
				MTL_ENABLE_DEBUG_INFO = INCLUDE_SOURCE;
				MTL_FAST_MATH = YES;
				ONLY_ACTIVE_ARCH = YES;
				SDKROOT = iphoneos;
				SWIFT_ACTIVE_COMPILATION_CONDITIONS = "DEBUG $(inherited)";
				SWIFT_OPTIMIZATION_LEVEL = "-Onone";
			};
			name = Debug;
		};
		FACED4B12B2CB44B00B6BBC3 /* Release */ = {
			isa = XCBuildConfiguration;
			buildSettings = {
				ALWAYS_SEARCH_USER_PATHS = NO;
				ASSETCATALOG_COMPILER_GENERATE_SWIFT_ASSET_SYMBOL_EXTENSIONS = YES;
				CLANG_ANALYZER_LOCALIZABILITY_NONLOCALIZED = YES;
				CLANG_ANALYZER_NONNULL = YES;
				CLANG_ANALYZER_NUMBER_OBJECT_CONVERSION = YES_AGGRESSIVE;
				CLANG_CXX_LANGUAGE_STANDARD = "gnu++20";
				CLANG_ENABLE_MODULES = YES;
				CLANG_ENABLE_OBJC_ARC = YES;
				CLANG_ENABLE_OBJC_WEAK = YES;
				CLANG_WARN_BLOCK_CAPTURE_AUTORELEASING = YES;
				CLANG_WARN_BOOL_CONVERSION = YES;
				CLANG_WARN_COMMA = YES;
				CLANG_WARN_CONSTANT_CONVERSION = YES;
				CLANG_WARN_DEPRECATED_OBJC_IMPLEMENTATIONS = YES;
				CLANG_WARN_DIRECT_OBJC_ISA_USAGE = YES_ERROR;
				CLANG_WARN_DOCUMENTATION_COMMENTS = YES;
				CLANG_WARN_EMPTY_BODY = YES;
				CLANG_WARN_ENUM_CONVERSION = YES;
				CLANG_WARN_INFINITE_RECURSION = YES;
				CLANG_WARN_INT_CONVERSION = YES;
				CLANG_WARN_NON_LITERAL_NULL_CONVERSION = YES;
				CLANG_WARN_OBJC_IMPLICIT_RETAIN_SELF = YES;
				CLANG_WARN_OBJC_LITERAL_CONVERSION = YES;
				CLANG_WARN_OBJC_ROOT_CLASS = YES_ERROR;
				CLANG_WARN_QUOTED_INCLUDE_IN_FRAMEWORK_HEADER = YES;
				CLANG_WARN_RANGE_LOOP_ANALYSIS = YES;
				CLANG_WARN_STRICT_PROTOTYPES = YES;
				CLANG_WARN_SUSPICIOUS_MOVE = YES;
				CLANG_WARN_UNGUARDED_AVAILABILITY = YES_AGGRESSIVE;
				CLANG_WARN_UNREACHABLE_CODE = YES;
				CLANG_WARN__DUPLICATE_METHOD_MATCH = YES;
				COPY_PHASE_STRIP = NO;
				DEBUG_INFORMATION_FORMAT = "dwarf-with-dsym";
				ENABLE_NS_ASSERTIONS = NO;
				ENABLE_STRICT_OBJC_MSGSEND = YES;
				ENABLE_USER_SCRIPT_SANDBOXING = YES;
				GCC_C_LANGUAGE_STANDARD = gnu17;
				GCC_NO_COMMON_BLOCKS = YES;
				GCC_WARN_64_TO_32_BIT_CONVERSION = YES;
				GCC_WARN_ABOUT_RETURN_TYPE = YES_ERROR;
				GCC_WARN_UNDECLARED_SELECTOR = YES;
				GCC_WARN_UNINITIALIZED_AUTOS = YES_AGGRESSIVE;
				GCC_WARN_UNUSED_FUNCTION = YES;
				GCC_WARN_UNUSED_VARIABLE = YES;
				IPHONEOS_DEPLOYMENT_TARGET = 16.0;
				LOCALIZATION_PREFERS_STRING_CATALOGS = YES;
				MTL_ENABLE_DEBUG_INFO = NO;
				MTL_FAST_MATH = YES;
				SDKROOT = iphoneos;
				SWIFT_COMPILATION_MODE = wholemodule;
				VALIDATE_PRODUCT = YES;
			};
			name = Release;
		};
		FACED4B32B2CB44B00B6BBC3 /* Debug */ = {
			isa = XCBuildConfiguration;
			buildSettings = {
				ASSETCATALOG_COMPILER_APPICON_NAME = AppIcon;
				ASSETCATALOG_COMPILER_GLOBAL_ACCENT_COLOR_NAME = AccentColor;
				CODE_SIGN_STYLE = Automatic;
				CURRENT_PROJECT_VERSION = 1;
				DEVELOPMENT_ASSET_PATHS = "\"BankAppSwiftUI/Preview Content\"";
				DEVELOPMENT_TEAM = "";
				ENABLE_PREVIEWS = YES;
				ENABLE_USER_SCRIPT_SANDBOXING = NO;
				GENERATE_INFOPLIST_FILE = YES;
				INFOPLIST_FILE = BankAppSwiftUI/Info.plist;
				INFOPLIST_KEY_UIApplicationSceneManifest_Generation = YES;
				INFOPLIST_KEY_UIApplicationSupportsIndirectInputEvents = YES;
				INFOPLIST_KEY_UILaunchScreen_Generation = YES;
				INFOPLIST_KEY_UISupportedInterfaceOrientations_iPad = "UIInterfaceOrientationPortrait UIInterfaceOrientationPortraitUpsideDown UIInterfaceOrientationLandscapeLeft UIInterfaceOrientationLandscapeRight";
				INFOPLIST_KEY_UISupportedInterfaceOrientations_iPhone = "UIInterfaceOrientationPortrait UIInterfaceOrientationLandscapeLeft UIInterfaceOrientationLandscapeRight";
				LD_RUNPATH_SEARCH_PATHS = (
					"$(inherited)",
					"@executable_path/Frameworks",
				);
				MARKETING_VERSION = 1.0;
				PRODUCT_BUNDLE_IDENTIFIER = com.ronaldo.BankAppSwiftUI;
				PRODUCT_NAME = "$(TARGET_NAME)";
				SUPPORTED_PLATFORMS = "iphoneos iphonesimulator";
				SUPPORTS_MACCATALYST = NO;
				SUPPORTS_MAC_DESIGNED_FOR_IPHONE_IPAD = NO;
				SWIFT_EMIT_LOC_STRINGS = YES;
				SWIFT_VERSION = 5.0;
				TARGETED_DEVICE_FAMILY = "1,2";
			};
			name = Debug;
		};
		FACED4B42B2CB44B00B6BBC3 /* Release */ = {
			isa = XCBuildConfiguration;
			buildSettings = {
				ASSETCATALOG_COMPILER_APPICON_NAME = AppIcon;
				ASSETCATALOG_COMPILER_GLOBAL_ACCENT_COLOR_NAME = AccentColor;
				CODE_SIGN_STYLE = Automatic;
				CURRENT_PROJECT_VERSION = 1;
				DEVELOPMENT_ASSET_PATHS = "\"BankAppSwiftUI/Preview Content\"";
				DEVELOPMENT_TEAM = "";
				ENABLE_PREVIEWS = YES;
				ENABLE_USER_SCRIPT_SANDBOXING = NO;
				GENERATE_INFOPLIST_FILE = YES;
				INFOPLIST_FILE = BankAppSwiftUI/Info.plist;
				INFOPLIST_KEY_UIApplicationSceneManifest_Generation = YES;
				INFOPLIST_KEY_UIApplicationSupportsIndirectInputEvents = YES;
				INFOPLIST_KEY_UILaunchScreen_Generation = YES;
				INFOPLIST_KEY_UISupportedInterfaceOrientations_iPad = "UIInterfaceOrientationPortrait UIInterfaceOrientationPortraitUpsideDown UIInterfaceOrientationLandscapeLeft UIInterfaceOrientationLandscapeRight";
				INFOPLIST_KEY_UISupportedInterfaceOrientations_iPhone = "UIInterfaceOrientationPortrait UIInterfaceOrientationLandscapeLeft UIInterfaceOrientationLandscapeRight";
				LD_RUNPATH_SEARCH_PATHS = (
					"$(inherited)",
					"@executable_path/Frameworks",
				);
				MARKETING_VERSION = 1.0;
				PRODUCT_BUNDLE_IDENTIFIER = com.ronaldo.BankAppSwiftUI;
				PRODUCT_NAME = "$(TARGET_NAME)";
				SUPPORTED_PLATFORMS = "iphoneos iphonesimulator";
				SUPPORTS_MACCATALYST = NO;
				SUPPORTS_MAC_DESIGNED_FOR_IPHONE_IPAD = NO;
				SWIFT_EMIT_LOC_STRINGS = YES;
				SWIFT_VERSION = 5.0;
				TARGETED_DEVICE_FAMILY = "1,2";
			};
			name = Release;
		};
		FACED4B62B2CB44B00B6BBC3 /* Debug */ = {
			isa = XCBuildConfiguration;
			buildSettings = {
				ALWAYS_EMBED_SWIFT_STANDARD_LIBRARIES = YES;
				BUNDLE_LOADER = "$(TEST_HOST)";
				CODE_SIGN_STYLE = Automatic;
				CURRENT_PROJECT_VERSION = 1;
				DEVELOPMENT_TEAM = H9JXH336V5;
				GENERATE_INFOPLIST_FILE = YES;
				IPHONEOS_DEPLOYMENT_TARGET = 16.0;
				MARKETING_VERSION = 1.0;
				PRODUCT_BUNDLE_IDENTIFIER = com.ronaldo.BankAppSwiftUITests;
				PRODUCT_NAME = "$(TARGET_NAME)";
				SUPPORTED_PLATFORMS = "iphoneos iphonesimulator";
				SUPPORTS_MACCATALYST = NO;
				SUPPORTS_MAC_DESIGNED_FOR_IPHONE_IPAD = NO;
				SWIFT_EMIT_LOC_STRINGS = NO;
				SWIFT_VERSION = 5.0;
				TARGETED_DEVICE_FAMILY = "1,2";
				TEST_HOST = "$(BUILT_PRODUCTS_DIR)/BankAppSwiftUI.app/$(BUNDLE_EXECUTABLE_FOLDER_PATH)/BankAppSwiftUI";
			};
			name = Debug;
		};
		FACED4B72B2CB44B00B6BBC3 /* Release */ = {
			isa = XCBuildConfiguration;
			buildSettings = {
				ALWAYS_EMBED_SWIFT_STANDARD_LIBRARIES = YES;
				BUNDLE_LOADER = "$(TEST_HOST)";
				CODE_SIGN_STYLE = Automatic;
				CURRENT_PROJECT_VERSION = 1;
				DEVELOPMENT_TEAM = H9JXH336V5;
				GENERATE_INFOPLIST_FILE = YES;
				IPHONEOS_DEPLOYMENT_TARGET = 16.0;
				MARKETING_VERSION = 1.0;
				PRODUCT_BUNDLE_IDENTIFIER = com.ronaldo.BankAppSwiftUITests;
				PRODUCT_NAME = "$(TARGET_NAME)";
				SUPPORTED_PLATFORMS = "iphoneos iphonesimulator";
				SUPPORTS_MACCATALYST = NO;
				SUPPORTS_MAC_DESIGNED_FOR_IPHONE_IPAD = NO;
				SWIFT_EMIT_LOC_STRINGS = NO;
				SWIFT_VERSION = 5.0;
				TARGETED_DEVICE_FAMILY = "1,2";
				TEST_HOST = "$(BUILT_PRODUCTS_DIR)/BankAppSwiftUI.app/$(BUNDLE_EXECUTABLE_FOLDER_PATH)/BankAppSwiftUI";
			};
			name = Release;
		};
		FACED4B92B2CB44B00B6BBC3 /* Debug */ = {
			isa = XCBuildConfiguration;
			buildSettings = {
				ALWAYS_EMBED_SWIFT_STANDARD_LIBRARIES = YES;
				CODE_SIGN_STYLE = Automatic;
				CURRENT_PROJECT_VERSION = 1;
				DEVELOPMENT_TEAM = H9JXH336V5;
				GENERATE_INFOPLIST_FILE = YES;
				IPHONEOS_DEPLOYMENT_TARGET = 16.0;
				MARKETING_VERSION = 1.0;
				PRODUCT_BUNDLE_IDENTIFIER = com.ronaldo.BankAppSwiftUIUITests;
				PRODUCT_NAME = "$(TARGET_NAME)";
				SUPPORTED_PLATFORMS = "iphoneos iphonesimulator";
				SUPPORTS_MACCATALYST = NO;
				SUPPORTS_MAC_DESIGNED_FOR_IPHONE_IPAD = NO;
				SWIFT_EMIT_LOC_STRINGS = NO;
				SWIFT_VERSION = 5.0;
				TARGETED_DEVICE_FAMILY = "1,2";
				TEST_TARGET_NAME = BankAppSwiftUI;
			};
			name = Debug;
		};
		FACED4BA2B2CB44B00B6BBC3 /* Release */ = {
			isa = XCBuildConfiguration;
			buildSettings = {
				ALWAYS_EMBED_SWIFT_STANDARD_LIBRARIES = YES;
				CODE_SIGN_STYLE = Automatic;
				CURRENT_PROJECT_VERSION = 1;
				DEVELOPMENT_TEAM = H9JXH336V5;
				GENERATE_INFOPLIST_FILE = YES;
				IPHONEOS_DEPLOYMENT_TARGET = 16.0;
				MARKETING_VERSION = 1.0;
				PRODUCT_BUNDLE_IDENTIFIER = com.ronaldo.BankAppSwiftUIUITests;
				PRODUCT_NAME = "$(TARGET_NAME)";
				SUPPORTED_PLATFORMS = "iphoneos iphonesimulator";
				SUPPORTS_MACCATALYST = NO;
				SUPPORTS_MAC_DESIGNED_FOR_IPHONE_IPAD = NO;
				SWIFT_EMIT_LOC_STRINGS = NO;
				SWIFT_VERSION = 5.0;
				TARGETED_DEVICE_FAMILY = "1,2";
				TEST_TARGET_NAME = BankAppSwiftUI;
			};
			name = Release;
		};
/* End XCBuildConfiguration section */

/* Begin XCConfigurationList section */
		FACED4842B2CB44A00B6BBC3 /* Build configuration list for PBXProject "BankAppSwiftUI" */ = {
			isa = XCConfigurationList;
			buildConfigurations = (
				FACED4B02B2CB44B00B6BBC3 /* Debug */,
				FACED4B12B2CB44B00B6BBC3 /* Release */,
			);
			defaultConfigurationIsVisible = 0;
			defaultConfigurationName = Release;
		};
		FACED4B22B2CB44B00B6BBC3 /* Build configuration list for PBXNativeTarget "BankAppSwiftUI" */ = {
			isa = XCConfigurationList;
			buildConfigurations = (
				FACED4B32B2CB44B00B6BBC3 /* Debug */,
				FACED4B42B2CB44B00B6BBC3 /* Release */,
			);
			defaultConfigurationIsVisible = 0;
			defaultConfigurationName = Release;
		};
		FACED4B52B2CB44B00B6BBC3 /* Build configuration list for PBXNativeTarget "BankAppSwiftUITests" */ = {
			isa = XCConfigurationList;
			buildConfigurations = (
				FACED4B62B2CB44B00B6BBC3 /* Debug */,
				FACED4B72B2CB44B00B6BBC3 /* Release */,
			);
			defaultConfigurationIsVisible = 0;
			defaultConfigurationName = Release;
		};
		FACED4B82B2CB44B00B6BBC3 /* Build configuration list for PBXNativeTarget "BankAppSwiftUIUITests" */ = {
			isa = XCConfigurationList;
			buildConfigurations = (
				FACED4B92B2CB44B00B6BBC3 /* Debug */,
				FACED4BA2B2CB44B00B6BBC3 /* Release */,
			);
			defaultConfigurationIsVisible = 0;
			defaultConfigurationName = Release;
		};
/* End XCConfigurationList section */

/* Begin XCRemoteSwiftPackageReference section */
		2418BC5C2B4B5B740004F40A /* XCRemoteSwiftPackageReference "GRDB" */ = {
			isa = XCRemoteSwiftPackageReference;
			repositoryURL = "https://github.com/groue/GRDB.swift";
			requirement = {
				branch = master;
				kind = branch;
			};
		};
		24D2A7762B37A92800EDF389 /* XCRemoteSwiftPackageReference "netfox" */ = {
			isa = XCRemoteSwiftPackageReference;
			repositoryURL = "https://github.com/kasketis/netfox";
			requirement = {
				kind = upToNextMajorVersion;
				minimumVersion = 1.21.0;
			};
		};
		24D2A7792B37ACBA00EDF389 /* XCRemoteSwiftPackageReference "ShowTime" */ = {
			isa = XCRemoteSwiftPackageReference;
			repositoryURL = "https://github.com/KaneCheshire/ShowTime";
			requirement = {
				kind = upToNextMajorVersion;
				minimumVersion = 2.5.3;
			};
		};
/* End XCRemoteSwiftPackageReference section */

/* Begin XCSwiftPackageProductDependency section */
		2418BC5D2B4B5B740004F40A /* GRDB */ = {
			isa = XCSwiftPackageProductDependency;
			package = 2418BC5C2B4B5B740004F40A /* XCRemoteSwiftPackageReference "GRDB" */;
			productName = GRDB;
		};
		24D2A7772B37A92800EDF389 /* netfox */ = {
			isa = XCSwiftPackageProductDependency;
			package = 24D2A7762B37A92800EDF389 /* XCRemoteSwiftPackageReference "netfox" */;
			productName = netfox;
		};
		24D2A77A2B37ACBA00EDF389 /* ShowTime */ = {
			isa = XCSwiftPackageProductDependency;
			package = 24D2A7792B37ACBA00EDF389 /* XCRemoteSwiftPackageReference "ShowTime" */;
			productName = ShowTime;
		};
/* End XCSwiftPackageProductDependency section */
	};
	rootObject = FACED4812B2CB44A00B6BBC3 /* Project object */;
}
